
Microsoft Visual Studio Solution File, Format Version 12.00
# Visual Studio 14
VisualStudioVersion = 14.0.25123.0
MinimumVisualStudioVersion = 10.0.40219.1
Project("{D954291E-2A0B-460D-934E-DC6B0785DB48}") = "ContosoMoments", "Mobile\ContosoMoments\ContosoMoments.shproj", "{9ADECDE0-0A6D-41C3-B0C8-DF786035A62B}"
EndProject
Project("{FAE04EC0-301F-11D3-BF4B-00C04F79EFBC}") = "ContosoMoments.Droid", "Mobile\ContosoMoments.Droid\ContosoMoments.Droid.csproj", "{D1107DEE-672E-4FB6-B81E-ABC8326FC48B}"
EndProject
Project("{FAE04EC0-301F-11D3-BF4B-00C04F79EFBC}") = "ContosoMoments.iOS", "Mobile\ContosoMoments.iOS\ContosoMoments.iOS.csproj", "{B05129CD-0D56-4FF1-800F-51FCD8611F9F}"
EndProject
Project("{FAE04EC0-301F-11D3-BF4B-00C04F79EFBC}") = "ContosoMoments.WinPhone", "Mobile\ContosoMoments.WinPhone\ContosoMoments.WinPhone.csproj", "{D2B524E8-338F-4D83-AC73-37FAD854ACF3}"
EndProject
Global
	GlobalSection(SharedMSBuildProjectFiles) = preSolution
		Mobile\ContosoMoments\ContosoMoments.projitems*{d2b524e8-338f-4d83-ac73-37fad854acf3}*SharedItemsImports = 4
		Mobile\ContosoMoments\ContosoMoments.projitems*{b05129cd-0d56-4ff1-800f-51fcd8611f9f}*SharedItemsImports = 4
		Mobile\ContosoMoments\ContosoMoments.projitems*{d1107dee-672e-4fb6-b81e-abc8326fc48b}*SharedItemsImports = 4
		Mobile\ContosoMoments\ContosoMoments.projitems*{9adecde0-0a6d-41c3-b0c8-df786035a62b}*SharedItemsImports = 13
	EndGlobalSection
	GlobalSection(SolutionConfigurationPlatforms) = preSolution
		Ad-Hoc|Any CPU = Ad-Hoc|Any CPU
		Ad-Hoc|ARM = Ad-Hoc|ARM
		Ad-Hoc|iPhone = Ad-Hoc|iPhone
		Ad-Hoc|iPhoneSimulator = Ad-Hoc|iPhoneSimulator
		Ad-Hoc|x86 = Ad-Hoc|x86
		Android|Any CPU = Android|Any CPU
		Android|ARM = Android|ARM
		Android|iPhone = Android|iPhone
		Android|iPhoneSimulator = Android|iPhoneSimulator
		Android|x86 = Android|x86
		AppStore|Any CPU = AppStore|Any CPU
		AppStore|ARM = AppStore|ARM
		AppStore|iPhone = AppStore|iPhone
		AppStore|iPhoneSimulator = AppStore|iPhoneSimulator
		AppStore|x86 = AppStore|x86
		Debug|Any CPU = Debug|Any CPU
		Debug|ARM = Debug|ARM
		Debug|iPhone = Debug|iPhone
		Debug|iPhoneSimulator = Debug|iPhoneSimulator
		Debug|x86 = Debug|x86
		iOS|Any CPU = iOS|Any CPU
		iOS|ARM = iOS|ARM
		iOS|iPhone = iOS|iPhone
		iOS|iPhoneSimulator = iOS|iPhoneSimulator
		iOS|x86 = iOS|x86
		Release|Any CPU = Release|Any CPU
		Release|ARM = Release|ARM
		Release|iPhone = Release|iPhone
		Release|iPhoneSimulator = Release|iPhoneSimulator
		Release|x86 = Release|x86
		VSTS Build|Any CPU = VSTS Build|Any CPU
		VSTS Build|ARM = VSTS Build|ARM
		VSTS Build|iPhone = VSTS Build|iPhone
		VSTS Build|iPhoneSimulator = VSTS Build|iPhoneSimulator
		VSTS Build|x86 = VSTS Build|x86
	EndGlobalSection
	GlobalSection(ProjectConfigurationPlatforms) = postSolution
		{D1107DEE-672E-4FB6-B81E-ABC8326FC48B}.Ad-Hoc|Any CPU.ActiveCfg = Release|Any CPU
		{D1107DEE-672E-4FB6-B81E-ABC8326FC48B}.Ad-Hoc|Any CPU.Build.0 = Release|Any CPU
		{D1107DEE-672E-4FB6-B81E-ABC8326FC48B}.Ad-Hoc|Any CPU.Deploy.0 = Release|Any CPU
		{D1107DEE-672E-4FB6-B81E-ABC8326FC48B}.Ad-Hoc|ARM.ActiveCfg = Release|Any CPU
		{D1107DEE-672E-4FB6-B81E-ABC8326FC48B}.Ad-Hoc|ARM.Build.0 = Release|Any CPU
		{D1107DEE-672E-4FB6-B81E-ABC8326FC48B}.Ad-Hoc|ARM.Deploy.0 = Release|Any CPU
		{D1107DEE-672E-4FB6-B81E-ABC8326FC48B}.Ad-Hoc|iPhone.ActiveCfg = Release|Any CPU
		{D1107DEE-672E-4FB6-B81E-ABC8326FC48B}.Ad-Hoc|iPhone.Build.0 = Release|Any CPU
		{D1107DEE-672E-4FB6-B81E-ABC8326FC48B}.Ad-Hoc|iPhone.Deploy.0 = Release|Any CPU
		{D1107DEE-672E-4FB6-B81E-ABC8326FC48B}.Ad-Hoc|iPhoneSimulator.ActiveCfg = Release|Any CPU
		{D1107DEE-672E-4FB6-B81E-ABC8326FC48B}.Ad-Hoc|iPhoneSimulator.Build.0 = Release|Any CPU
		{D1107DEE-672E-4FB6-B81E-ABC8326FC48B}.Ad-Hoc|iPhoneSimulator.Deploy.0 = Release|Any CPU
		{D1107DEE-672E-4FB6-B81E-ABC8326FC48B}.Ad-Hoc|x86.ActiveCfg = Release|Any CPU
		{D1107DEE-672E-4FB6-B81E-ABC8326FC48B}.Ad-Hoc|x86.Build.0 = Release|Any CPU
		{D1107DEE-672E-4FB6-B81E-ABC8326FC48B}.Ad-Hoc|x86.Deploy.0 = Release|Any CPU
		{D1107DEE-672E-4FB6-B81E-ABC8326FC48B}.Android|Any CPU.ActiveCfg = Android|Any CPU
		{D1107DEE-672E-4FB6-B81E-ABC8326FC48B}.Android|Any CPU.Build.0 = Android|Any CPU
		{D1107DEE-672E-4FB6-B81E-ABC8326FC48B}.Android|Any CPU.Deploy.0 = Android|Any CPU
		{D1107DEE-672E-4FB6-B81E-ABC8326FC48B}.Android|ARM.ActiveCfg = Android|Any CPU
		{D1107DEE-672E-4FB6-B81E-ABC8326FC48B}.Android|ARM.Build.0 = Android|Any CPU
		{D1107DEE-672E-4FB6-B81E-ABC8326FC48B}.Android|ARM.Deploy.0 = Android|Any CPU
		{D1107DEE-672E-4FB6-B81E-ABC8326FC48B}.Android|iPhone.ActiveCfg = Android|Any CPU
		{D1107DEE-672E-4FB6-B81E-ABC8326FC48B}.Android|iPhone.Build.0 = Android|Any CPU
		{D1107DEE-672E-4FB6-B81E-ABC8326FC48B}.Android|iPhone.Deploy.0 = Android|Any CPU
		{D1107DEE-672E-4FB6-B81E-ABC8326FC48B}.Android|iPhoneSimulator.ActiveCfg = Android|Any CPU
		{D1107DEE-672E-4FB6-B81E-ABC8326FC48B}.Android|iPhoneSimulator.Build.0 = Android|Any CPU
		{D1107DEE-672E-4FB6-B81E-ABC8326FC48B}.Android|iPhoneSimulator.Deploy.0 = Android|Any CPU
		{D1107DEE-672E-4FB6-B81E-ABC8326FC48B}.Android|x86.ActiveCfg = Android|Any CPU
		{D1107DEE-672E-4FB6-B81E-ABC8326FC48B}.Android|x86.Build.0 = Android|Any CPU
		{D1107DEE-672E-4FB6-B81E-ABC8326FC48B}.AppStore|Any CPU.ActiveCfg = Release|Any CPU
		{D1107DEE-672E-4FB6-B81E-ABC8326FC48B}.AppStore|Any CPU.Build.0 = Release|Any CPU
		{D1107DEE-672E-4FB6-B81E-ABC8326FC48B}.AppStore|Any CPU.Deploy.0 = Release|Any CPU
		{D1107DEE-672E-4FB6-B81E-ABC8326FC48B}.AppStore|ARM.ActiveCfg = Release|Any CPU
		{D1107DEE-672E-4FB6-B81E-ABC8326FC48B}.AppStore|ARM.Build.0 = Release|Any CPU
		{D1107DEE-672E-4FB6-B81E-ABC8326FC48B}.AppStore|ARM.Deploy.0 = Release|Any CPU
		{D1107DEE-672E-4FB6-B81E-ABC8326FC48B}.AppStore|iPhone.ActiveCfg = Release|Any CPU
		{D1107DEE-672E-4FB6-B81E-ABC8326FC48B}.AppStore|iPhone.Build.0 = Release|Any CPU
		{D1107DEE-672E-4FB6-B81E-ABC8326FC48B}.AppStore|iPhone.Deploy.0 = Release|Any CPU
		{D1107DEE-672E-4FB6-B81E-ABC8326FC48B}.AppStore|iPhoneSimulator.ActiveCfg = Release|Any CPU
		{D1107DEE-672E-4FB6-B81E-ABC8326FC48B}.AppStore|iPhoneSimulator.Build.0 = Release|Any CPU
		{D1107DEE-672E-4FB6-B81E-ABC8326FC48B}.AppStore|iPhoneSimulator.Deploy.0 = Release|Any CPU
		{D1107DEE-672E-4FB6-B81E-ABC8326FC48B}.AppStore|x86.ActiveCfg = Release|Any CPU
		{D1107DEE-672E-4FB6-B81E-ABC8326FC48B}.AppStore|x86.Build.0 = Release|Any CPU
		{D1107DEE-672E-4FB6-B81E-ABC8326FC48B}.AppStore|x86.Deploy.0 = Release|Any CPU
		{D1107DEE-672E-4FB6-B81E-ABC8326FC48B}.Debug|Any CPU.ActiveCfg = Debug|Any CPU
		{D1107DEE-672E-4FB6-B81E-ABC8326FC48B}.Debug|Any CPU.Build.0 = Debug|Any CPU
		{D1107DEE-672E-4FB6-B81E-ABC8326FC48B}.Debug|Any CPU.Deploy.0 = Debug|Any CPU
		{D1107DEE-672E-4FB6-B81E-ABC8326FC48B}.Debug|ARM.ActiveCfg = Debug|Any CPU
		{D1107DEE-672E-4FB6-B81E-ABC8326FC48B}.Debug|ARM.Build.0 = Debug|Any CPU
		{D1107DEE-672E-4FB6-B81E-ABC8326FC48B}.Debug|ARM.Deploy.0 = Debug|Any CPU
		{D1107DEE-672E-4FB6-B81E-ABC8326FC48B}.Debug|iPhone.ActiveCfg = Debug|Any CPU
		{D1107DEE-672E-4FB6-B81E-ABC8326FC48B}.Debug|iPhone.Build.0 = Debug|Any CPU
		{D1107DEE-672E-4FB6-B81E-ABC8326FC48B}.Debug|iPhoneSimulator.ActiveCfg = Debug|Any CPU
		{D1107DEE-672E-4FB6-B81E-ABC8326FC48B}.Debug|iPhoneSimulator.Build.0 = Debug|Any CPU
		{D1107DEE-672E-4FB6-B81E-ABC8326FC48B}.Debug|iPhoneSimulator.Deploy.0 = Debug|Any CPU
		{D1107DEE-672E-4FB6-B81E-ABC8326FC48B}.Debug|x86.ActiveCfg = Debug|Any CPU
		{D1107DEE-672E-4FB6-B81E-ABC8326FC48B}.Debug|x86.Build.0 = Debug|Any CPU
		{D1107DEE-672E-4FB6-B81E-ABC8326FC48B}.Debug|x86.Deploy.0 = Debug|Any CPU
		{D1107DEE-672E-4FB6-B81E-ABC8326FC48B}.iOS|Any CPU.ActiveCfg = iOS|Any CPU
		{D1107DEE-672E-4FB6-B81E-ABC8326FC48B}.iOS|Any CPU.Build.0 = iOS|Any CPU
		{D1107DEE-672E-4FB6-B81E-ABC8326FC48B}.iOS|Any CPU.Deploy.0 = iOS|Any CPU
		{D1107DEE-672E-4FB6-B81E-ABC8326FC48B}.iOS|ARM.ActiveCfg = iOS|Any CPU
		{D1107DEE-672E-4FB6-B81E-ABC8326FC48B}.iOS|ARM.Build.0 = iOS|Any CPU
		{D1107DEE-672E-4FB6-B81E-ABC8326FC48B}.iOS|ARM.Deploy.0 = iOS|Any CPU
		{D1107DEE-672E-4FB6-B81E-ABC8326FC48B}.iOS|iPhone.ActiveCfg = iOS|Any CPU
		{D1107DEE-672E-4FB6-B81E-ABC8326FC48B}.iOS|iPhone.Build.0 = iOS|Any CPU
		{D1107DEE-672E-4FB6-B81E-ABC8326FC48B}.iOS|iPhone.Deploy.0 = iOS|Any CPU
		{D1107DEE-672E-4FB6-B81E-ABC8326FC48B}.iOS|iPhoneSimulator.ActiveCfg = iOS|Any CPU
		{D1107DEE-672E-4FB6-B81E-ABC8326FC48B}.iOS|iPhoneSimulator.Build.0 = iOS|Any CPU
		{D1107DEE-672E-4FB6-B81E-ABC8326FC48B}.iOS|iPhoneSimulator.Deploy.0 = iOS|Any CPU
		{D1107DEE-672E-4FB6-B81E-ABC8326FC48B}.iOS|x86.ActiveCfg = iOS|Any CPU
		{D1107DEE-672E-4FB6-B81E-ABC8326FC48B}.Release|Any CPU.ActiveCfg = Release|Any CPU
		{D1107DEE-672E-4FB6-B81E-ABC8326FC48B}.Release|Any CPU.Build.0 = Release|Any CPU
		{D1107DEE-672E-4FB6-B81E-ABC8326FC48B}.Release|Any CPU.Deploy.0 = Release|Any CPU
		{D1107DEE-672E-4FB6-B81E-ABC8326FC48B}.Release|ARM.ActiveCfg = Release|Any CPU
		{D1107DEE-672E-4FB6-B81E-ABC8326FC48B}.Release|ARM.Build.0 = Release|Any CPU
		{D1107DEE-672E-4FB6-B81E-ABC8326FC48B}.Release|ARM.Deploy.0 = Release|Any CPU
		{D1107DEE-672E-4FB6-B81E-ABC8326FC48B}.Release|iPhone.ActiveCfg = Release|Any CPU
		{D1107DEE-672E-4FB6-B81E-ABC8326FC48B}.Release|iPhone.Build.0 = Release|Any CPU
		{D1107DEE-672E-4FB6-B81E-ABC8326FC48B}.Release|iPhone.Deploy.0 = Release|Any CPU
		{D1107DEE-672E-4FB6-B81E-ABC8326FC48B}.Release|iPhoneSimulator.ActiveCfg = Release|Any CPU
		{D1107DEE-672E-4FB6-B81E-ABC8326FC48B}.Release|iPhoneSimulator.Build.0 = Release|Any CPU
		{D1107DEE-672E-4FB6-B81E-ABC8326FC48B}.Release|iPhoneSimulator.Deploy.0 = Release|Any CPU
		{D1107DEE-672E-4FB6-B81E-ABC8326FC48B}.Release|x86.ActiveCfg = Release|Any CPU
		{D1107DEE-672E-4FB6-B81E-ABC8326FC48B}.Release|x86.Build.0 = Release|Any CPU
		{D1107DEE-672E-4FB6-B81E-ABC8326FC48B}.VSTS Build|Any CPU.ActiveCfg = VSTS Build|Any CPU
		{D1107DEE-672E-4FB6-B81E-ABC8326FC48B}.VSTS Build|ARM.ActiveCfg = VSTS Build|Any CPU
		{D1107DEE-672E-4FB6-B81E-ABC8326FC48B}.VSTS Build|ARM.Build.0 = VSTS Build|Any CPU
		{D1107DEE-672E-4FB6-B81E-ABC8326FC48B}.VSTS Build|ARM.Deploy.0 = VSTS Build|Any CPU
		{D1107DEE-672E-4FB6-B81E-ABC8326FC48B}.VSTS Build|iPhone.ActiveCfg = VSTS Build|Any CPU
		{D1107DEE-672E-4FB6-B81E-ABC8326FC48B}.VSTS Build|iPhoneSimulator.ActiveCfg = VSTS Build|Any CPU
		{D1107DEE-672E-4FB6-B81E-ABC8326FC48B}.VSTS Build|iPhoneSimulator.Build.0 = VSTS Build|Any CPU
		{D1107DEE-672E-4FB6-B81E-ABC8326FC48B}.VSTS Build|iPhoneSimulator.Deploy.0 = VSTS Build|Any CPU
		{D1107DEE-672E-4FB6-B81E-ABC8326FC48B}.VSTS Build|x86.ActiveCfg = VSTS Build|Any CPU
		{D1107DEE-672E-4FB6-B81E-ABC8326FC48B}.VSTS Build|x86.Build.0 = VSTS Build|Any CPU
		{D1107DEE-672E-4FB6-B81E-ABC8326FC48B}.VSTS Build|x86.Deploy.0 = VSTS Build|Any CPU
		{B05129CD-0D56-4FF1-800F-51FCD8611F9F}.Ad-Hoc|Any CPU.ActiveCfg = Ad-Hoc|iPhone
		{B05129CD-0D56-4FF1-800F-51FCD8611F9F}.Ad-Hoc|ARM.ActiveCfg = Ad-Hoc|iPhone
		{B05129CD-0D56-4FF1-800F-51FCD8611F9F}.Ad-Hoc|iPhone.ActiveCfg = Ad-Hoc|iPhone
		{B05129CD-0D56-4FF1-800F-51FCD8611F9F}.Ad-Hoc|iPhone.Build.0 = Ad-Hoc|iPhone
		{B05129CD-0D56-4FF1-800F-51FCD8611F9F}.Ad-Hoc|iPhoneSimulator.ActiveCfg = Ad-Hoc|iPhoneSimulator
		{B05129CD-0D56-4FF1-800F-51FCD8611F9F}.Ad-Hoc|iPhoneSimulator.Build.0 = Ad-Hoc|iPhoneSimulator
		{B05129CD-0D56-4FF1-800F-51FCD8611F9F}.Ad-Hoc|x86.ActiveCfg = Ad-Hoc|iPhone
		{B05129CD-0D56-4FF1-800F-51FCD8611F9F}.Android|Any CPU.ActiveCfg = Android|iPhone
		{B05129CD-0D56-4FF1-800F-51FCD8611F9F}.Android|ARM.ActiveCfg = Android|iPhone
		{B05129CD-0D56-4FF1-800F-51FCD8611F9F}.Android|iPhone.ActiveCfg = Android|iPhone
		{B05129CD-0D56-4FF1-800F-51FCD8611F9F}.Android|iPhone.Build.0 = Android|iPhone
		{B05129CD-0D56-4FF1-800F-51FCD8611F9F}.Android|iPhoneSimulator.ActiveCfg = Android|iPhoneSimulator
		{B05129CD-0D56-4FF1-800F-51FCD8611F9F}.Android|iPhoneSimulator.Build.0 = Android|iPhoneSimulator
		{B05129CD-0D56-4FF1-800F-51FCD8611F9F}.Android|x86.ActiveCfg = Android|iPhone
		{B05129CD-0D56-4FF1-800F-51FCD8611F9F}.AppStore|Any CPU.ActiveCfg = AppStore|iPhone
		{B05129CD-0D56-4FF1-800F-51FCD8611F9F}.AppStore|ARM.ActiveCfg = AppStore|iPhone
		{B05129CD-0D56-4FF1-800F-51FCD8611F9F}.AppStore|iPhone.ActiveCfg = AppStore|iPhone
		{B05129CD-0D56-4FF1-800F-51FCD8611F9F}.AppStore|iPhone.Build.0 = AppStore|iPhone
		{B05129CD-0D56-4FF1-800F-51FCD8611F9F}.AppStore|iPhoneSimulator.ActiveCfg = AppStore|iPhoneSimulator
		{B05129CD-0D56-4FF1-800F-51FCD8611F9F}.AppStore|iPhoneSimulator.Build.0 = AppStore|iPhoneSimulator
		{B05129CD-0D56-4FF1-800F-51FCD8611F9F}.AppStore|x86.ActiveCfg = AppStore|iPhone
		{B05129CD-0D56-4FF1-800F-51FCD8611F9F}.Debug|Any CPU.ActiveCfg = Debug|iPhoneSimulator
		{B05129CD-0D56-4FF1-800F-51FCD8611F9F}.Debug|Any CPU.Build.0 = Debug|iPhoneSimulator
		{B05129CD-0D56-4FF1-800F-51FCD8611F9F}.Debug|ARM.ActiveCfg = Debug|iPhone
		{B05129CD-0D56-4FF1-800F-51FCD8611F9F}.Debug|iPhone.ActiveCfg = Debug|iPhone
		{B05129CD-0D56-4FF1-800F-51FCD8611F9F}.Debug|iPhone.Build.0 = Debug|iPhone
		{B05129CD-0D56-4FF1-800F-51FCD8611F9F}.Debug|iPhoneSimulator.ActiveCfg = Debug|iPhoneSimulator
		{B05129CD-0D56-4FF1-800F-51FCD8611F9F}.Debug|iPhoneSimulator.Build.0 = Debug|iPhoneSimulator
		{B05129CD-0D56-4FF1-800F-51FCD8611F9F}.Debug|x86.ActiveCfg = Debug|iPhone
		{B05129CD-0D56-4FF1-800F-51FCD8611F9F}.iOS|Any CPU.ActiveCfg = iOS|iPhone
		{B05129CD-0D56-4FF1-800F-51FCD8611F9F}.iOS|ARM.ActiveCfg = iOS|iPhone
		{B05129CD-0D56-4FF1-800F-51FCD8611F9F}.iOS|iPhone.ActiveCfg = iOS|iPhone
		{B05129CD-0D56-4FF1-800F-51FCD8611F9F}.iOS|iPhone.Build.0 = iOS|iPhone
		{B05129CD-0D56-4FF1-800F-51FCD8611F9F}.iOS|iPhoneSimulator.ActiveCfg = iOS|iPhoneSimulator
		{B05129CD-0D56-4FF1-800F-51FCD8611F9F}.iOS|iPhoneSimulator.Build.0 = iOS|iPhoneSimulator
		{B05129CD-0D56-4FF1-800F-51FCD8611F9F}.iOS|x86.ActiveCfg = iOS|iPhone
		{B05129CD-0D56-4FF1-800F-51FCD8611F9F}.iOS|x86.Build.0 = iOS|iPhone
		{B05129CD-0D56-4FF1-800F-51FCD8611F9F}.Release|Any CPU.ActiveCfg = Release|iPhone
		{B05129CD-0D56-4FF1-800F-51FCD8611F9F}.Release|Any CPU.Build.0 = Release|iPhone
		{B05129CD-0D56-4FF1-800F-51FCD8611F9F}.Release|ARM.ActiveCfg = Release|iPhone
		{B05129CD-0D56-4FF1-800F-51FCD8611F9F}.Release|iPhone.ActiveCfg = Release|iPhone
		{B05129CD-0D56-4FF1-800F-51FCD8611F9F}.Release|iPhone.Build.0 = Release|iPhone
		{B05129CD-0D56-4FF1-800F-51FCD8611F9F}.Release|iPhoneSimulator.ActiveCfg = Release|iPhoneSimulator
		{B05129CD-0D56-4FF1-800F-51FCD8611F9F}.Release|iPhoneSimulator.Build.0 = Release|iPhoneSimulator
		{B05129CD-0D56-4FF1-800F-51FCD8611F9F}.Release|x86.ActiveCfg = Release|iPhone
		{B05129CD-0D56-4FF1-800F-51FCD8611F9F}.Release|x86.Build.0 = Release|iPhone
		{B05129CD-0D56-4FF1-800F-51FCD8611F9F}.VSTS Build|Any CPU.ActiveCfg = VSTS Build|iPhone
		{B05129CD-0D56-4FF1-800F-51FCD8611F9F}.VSTS Build|ARM.ActiveCfg = VSTS Build|iPhone
		{B05129CD-0D56-4FF1-800F-51FCD8611F9F}.VSTS Build|iPhone.ActiveCfg = VSTS Build|iPhone
		{B05129CD-0D56-4FF1-800F-51FCD8611F9F}.VSTS Build|iPhoneSimulator.ActiveCfg = VSTS Build|iPhoneSimulator
		{B05129CD-0D56-4FF1-800F-51FCD8611F9F}.VSTS Build|iPhoneSimulator.Build.0 = VSTS Build|iPhoneSimulator
		{B05129CD-0D56-4FF1-800F-51FCD8611F9F}.VSTS Build|x86.ActiveCfg = VSTS Build|iPhone
		{D2B524E8-338F-4D83-AC73-37FAD854ACF3}.Ad-Hoc|Any CPU.ActiveCfg = Release|Any CPU
		{D2B524E8-338F-4D83-AC73-37FAD854ACF3}.Ad-Hoc|Any CPU.Build.0 = Release|Any CPU
		{D2B524E8-338F-4D83-AC73-37FAD854ACF3}.Ad-Hoc|Any CPU.Deploy.0 = Release|Any CPU
		{D2B524E8-338F-4D83-AC73-37FAD854ACF3}.Ad-Hoc|ARM.ActiveCfg = Release|ARM
		{D2B524E8-338F-4D83-AC73-37FAD854ACF3}.Ad-Hoc|ARM.Build.0 = Release|ARM
		{D2B524E8-338F-4D83-AC73-37FAD854ACF3}.Ad-Hoc|ARM.Deploy.0 = Release|ARM
		{D2B524E8-338F-4D83-AC73-37FAD854ACF3}.Ad-Hoc|iPhone.ActiveCfg = Release|Any CPU
		{D2B524E8-338F-4D83-AC73-37FAD854ACF3}.Ad-Hoc|iPhone.Build.0 = Release|Any CPU
		{D2B524E8-338F-4D83-AC73-37FAD854ACF3}.Ad-Hoc|iPhone.Deploy.0 = Release|Any CPU
		{D2B524E8-338F-4D83-AC73-37FAD854ACF3}.Ad-Hoc|iPhoneSimulator.ActiveCfg = Release|Any CPU
		{D2B524E8-338F-4D83-AC73-37FAD854ACF3}.Ad-Hoc|iPhoneSimulator.Build.0 = Release|Any CPU
		{D2B524E8-338F-4D83-AC73-37FAD854ACF3}.Ad-Hoc|iPhoneSimulator.Deploy.0 = Release|Any CPU
		{D2B524E8-338F-4D83-AC73-37FAD854ACF3}.Ad-Hoc|x86.ActiveCfg = Release|x86
		{D2B524E8-338F-4D83-AC73-37FAD854ACF3}.Ad-Hoc|x86.Build.0 = Release|x86
		{D2B524E8-338F-4D83-AC73-37FAD854ACF3}.Ad-Hoc|x86.Deploy.0 = Release|x86
		{D2B524E8-338F-4D83-AC73-37FAD854ACF3}.Android|Any CPU.ActiveCfg = Android|Any CPU
		{D2B524E8-338F-4D83-AC73-37FAD854ACF3}.Android|Any CPU.Build.0 = Android|Any CPU
		{D2B524E8-338F-4D83-AC73-37FAD854ACF3}.Android|Any CPU.Deploy.0 = Android|Any CPU
		{D2B524E8-338F-4D83-AC73-37FAD854ACF3}.Android|ARM.ActiveCfg = Android|ARM
		{D2B524E8-338F-4D83-AC73-37FAD854ACF3}.Android|ARM.Build.0 = Android|ARM
		{D2B524E8-338F-4D83-AC73-37FAD854ACF3}.Android|ARM.Deploy.0 = Android|ARM
		{D2B524E8-338F-4D83-AC73-37FAD854ACF3}.Android|iPhone.ActiveCfg = Android|Any CPU
		{D2B524E8-338F-4D83-AC73-37FAD854ACF3}.Android|iPhone.Build.0 = Android|Any CPU
		{D2B524E8-338F-4D83-AC73-37FAD854ACF3}.Android|iPhone.Deploy.0 = Android|Any CPU
		{D2B524E8-338F-4D83-AC73-37FAD854ACF3}.Android|iPhoneSimulator.ActiveCfg = Android|Any CPU
		{D2B524E8-338F-4D83-AC73-37FAD854ACF3}.Android|iPhoneSimulator.Build.0 = Android|Any CPU
		{D2B524E8-338F-4D83-AC73-37FAD854ACF3}.Android|iPhoneSimulator.Deploy.0 = Android|Any CPU
		{D2B524E8-338F-4D83-AC73-37FAD854ACF3}.Android|x86.ActiveCfg = Android|x86
		{D2B524E8-338F-4D83-AC73-37FAD854ACF3}.AppStore|Any CPU.ActiveCfg = Release|Any CPU
		{D2B524E8-338F-4D83-AC73-37FAD854ACF3}.AppStore|Any CPU.Build.0 = Release|Any CPU
		{D2B524E8-338F-4D83-AC73-37FAD854ACF3}.AppStore|Any CPU.Deploy.0 = Release|Any CPU
		{D2B524E8-338F-4D83-AC73-37FAD854ACF3}.AppStore|ARM.ActiveCfg = Release|ARM
		{D2B524E8-338F-4D83-AC73-37FAD854ACF3}.AppStore|ARM.Build.0 = Release|ARM
		{D2B524E8-338F-4D83-AC73-37FAD854ACF3}.AppStore|ARM.Deploy.0 = Release|ARM
		{D2B524E8-338F-4D83-AC73-37FAD854ACF3}.AppStore|iPhone.ActiveCfg = Release|Any CPU
		{D2B524E8-338F-4D83-AC73-37FAD854ACF3}.AppStore|iPhone.Build.0 = Release|Any CPU
		{D2B524E8-338F-4D83-AC73-37FAD854ACF3}.AppStore|iPhone.Deploy.0 = Release|Any CPU
		{D2B524E8-338F-4D83-AC73-37FAD854ACF3}.AppStore|iPhoneSimulator.ActiveCfg = Release|Any CPU
		{D2B524E8-338F-4D83-AC73-37FAD854ACF3}.AppStore|iPhoneSimulator.Build.0 = Release|Any CPU
		{D2B524E8-338F-4D83-AC73-37FAD854ACF3}.AppStore|iPhoneSimulator.Deploy.0 = Release|Any CPU
		{D2B524E8-338F-4D83-AC73-37FAD854ACF3}.AppStore|x86.ActiveCfg = Release|x86
		{D2B524E8-338F-4D83-AC73-37FAD854ACF3}.AppStore|x86.Build.0 = Release|x86
		{D2B524E8-338F-4D83-AC73-37FAD854ACF3}.AppStore|x86.Deploy.0 = Release|x86
		{D2B524E8-338F-4D83-AC73-37FAD854ACF3}.Debug|Any CPU.ActiveCfg = Debug|x86
		{D2B524E8-338F-4D83-AC73-37FAD854ACF3}.Debug|Any CPU.Build.0 = Debug|x86
		{D2B524E8-338F-4D83-AC73-37FAD854ACF3}.Debug|ARM.ActiveCfg = Debug|ARM
		{D2B524E8-338F-4D83-AC73-37FAD854ACF3}.Debug|ARM.Build.0 = Debug|ARM
		{D2B524E8-338F-4D83-AC73-37FAD854ACF3}.Debug|ARM.Deploy.0 = Debug|ARM
		{D2B524E8-338F-4D83-AC73-37FAD854ACF3}.Debug|iPhone.ActiveCfg = Debug|x86
		{D2B524E8-338F-4D83-AC73-37FAD854ACF3}.Debug|iPhone.Build.0 = Debug|x86
		{D2B524E8-338F-4D83-AC73-37FAD854ACF3}.Debug|iPhoneSimulator.ActiveCfg = Debug|x86
		{D2B524E8-338F-4D83-AC73-37FAD854ACF3}.Debug|iPhoneSimulator.Build.0 = Debug|x86
		{D2B524E8-338F-4D83-AC73-37FAD854ACF3}.Debug|iPhoneSimulator.Deploy.0 = Debug|x86
		{D2B524E8-338F-4D83-AC73-37FAD854ACF3}.Debug|x86.ActiveCfg = Debug|x86
		{D2B524E8-338F-4D83-AC73-37FAD854ACF3}.Debug|x86.Build.0 = Debug|x86
		{D2B524E8-338F-4D83-AC73-37FAD854ACF3}.Debug|x86.Deploy.0 = Debug|x86
		{D2B524E8-338F-4D83-AC73-37FAD854ACF3}.iOS|Any CPU.ActiveCfg = iOS|Any CPU
		{D2B524E8-338F-4D83-AC73-37FAD854ACF3}.iOS|Any CPU.Build.0 = iOS|Any CPU
		{D2B524E8-338F-4D83-AC73-37FAD854ACF3}.iOS|Any CPU.Deploy.0 = iOS|Any CPU
		{D2B524E8-338F-4D83-AC73-37FAD854ACF3}.iOS|ARM.ActiveCfg = iOS|ARM
		{D2B524E8-338F-4D83-AC73-37FAD854ACF3}.iOS|ARM.Build.0 = iOS|ARM
		{D2B524E8-338F-4D83-AC73-37FAD854ACF3}.iOS|ARM.Deploy.0 = iOS|ARM
		{D2B524E8-338F-4D83-AC73-37FAD854ACF3}.iOS|iPhone.ActiveCfg = iOS|Any CPU
		{D2B524E8-338F-4D83-AC73-37FAD854ACF3}.iOS|iPhone.Build.0 = iOS|Any CPU
		{D2B524E8-338F-4D83-AC73-37FAD854ACF3}.iOS|iPhone.Deploy.0 = iOS|Any CPU
		{D2B524E8-338F-4D83-AC73-37FAD854ACF3}.iOS|iPhoneSimulator.ActiveCfg = iOS|Any CPU
		{D2B524E8-338F-4D83-AC73-37FAD854ACF3}.iOS|iPhoneSimulator.Build.0 = iOS|Any CPU
		{D2B524E8-338F-4D83-AC73-37FAD854ACF3}.iOS|iPhoneSimulator.Deploy.0 = iOS|Any CPU
		{D2B524E8-338F-4D83-AC73-37FAD854ACF3}.iOS|x86.ActiveCfg = iOS|x86
		{D2B524E8-338F-4D83-AC73-37FAD854ACF3}.Release|Any CPU.ActiveCfg = Release|ARM
		{D2B524E8-338F-4D83-AC73-37FAD854ACF3}.Release|Any CPU.Build.0 = Release|ARM
		{D2B524E8-338F-4D83-AC73-37FAD854ACF3}.Release|ARM.ActiveCfg = Release|ARM
		{D2B524E8-338F-4D83-AC73-37FAD854ACF3}.Release|ARM.Build.0 = Release|ARM
		{D2B524E8-338F-4D83-AC73-37FAD854ACF3}.Release|ARM.Deploy.0 = Release|ARM
		{D2B524E8-338F-4D83-AC73-37FAD854ACF3}.Release|iPhone.ActiveCfg = Release|Any CPU
		{D2B524E8-338F-4D83-AC73-37FAD854ACF3}.Release|iPhone.Build.0 = Release|Any CPU
		{D2B524E8-338F-4D83-AC73-37FAD854ACF3}.Release|iPhone.Deploy.0 = Release|Any CPU
		{D2B524E8-338F-4D83-AC73-37FAD854ACF3}.Release|iPhoneSimulator.ActiveCfg = Release|Any CPU
		{D2B524E8-338F-4D83-AC73-37FAD854ACF3}.Release|iPhoneSimulator.Build.0 = Release|Any CPU
		{D2B524E8-338F-4D83-AC73-37FAD854ACF3}.Release|iPhoneSimulator.Deploy.0 = Release|Any CPU
		{D2B524E8-338F-4D83-AC73-37FAD854ACF3}.Release|x86.ActiveCfg = Release|x86
		{D2B524E8-338F-4D83-AC73-37FAD854ACF3}.Release|x86.Build.0 = Release|x86
		{D2B524E8-338F-4D83-AC73-37FAD854ACF3}.VSTS Build|Any CPU.ActiveCfg = VSTS Build|x86
		{D2B524E8-338F-4D83-AC73-37FAD854ACF3}.VSTS Build|ARM.ActiveCfg = VSTS Build|ARM
		{D2B524E8-338F-4D83-AC73-37FAD854ACF3}.VSTS Build|ARM.Build.0 = VSTS Build|ARM
		{D2B524E8-338F-4D83-AC73-37FAD854ACF3}.VSTS Build|ARM.Deploy.0 = VSTS Build|ARM
		{D2B524E8-338F-4D83-AC73-37FAD854ACF3}.VSTS Build|iPhone.ActiveCfg = VSTS Build|Any CPU
		{D2B524E8-338F-4D83-AC73-37FAD854ACF3}.VSTS Build|iPhone.Build.0 = VSTS Build|Any CPU
		{D2B524E8-338F-4D83-AC73-37FAD854ACF3}.VSTS Build|iPhoneSimulator.ActiveCfg = VSTS Build|Any CPU
		{D2B524E8-338F-4D83-AC73-37FAD854ACF3}.VSTS Build|iPhoneSimulator.Build.0 = VSTS Build|Any CPU
		{D2B524E8-338F-4D83-AC73-37FAD854ACF3}.VSTS Build|iPhoneSimulator.Deploy.0 = VSTS Build|Any CPU
		{D2B524E8-338F-4D83-AC73-37FAD854ACF3}.VSTS Build|x86.ActiveCfg = VSTS Build|x86
		{D2B524E8-338F-4D83-AC73-37FAD854ACF3}.VSTS Build|x86.Build.0 = VSTS Build|x86
		{D2B524E8-338F-4D83-AC73-37FAD854ACF3}.VSTS Build|x86.Deploy.0 = VSTS Build|x86
	EndGlobalSection
	GlobalSection(SolutionProperties) = preSolution
		HideSolutionNode = FALSE
	EndGlobalSection
EndGlobal
