
Microsoft Visual Studio Solution File, Format Version 12.00
# Visual Studio 14
VisualStudioVersion = 14.0.24720.0
MinimumVisualStudioVersion = 10.0.40219.1
Project("{2150E333-8FDC-42A3-9474-1A3956D46DE8}") = "Cloud", "Cloud", "{8A3D202E-8B7F-403D-A7D0-D2C6A73A4ACB}"
EndProject
Project("{2150E333-8FDC-42A3-9474-1A3956D46DE8}") = "Solution Items", "Solution Items", "{33782237-97DF-416D-B1D1-7F8D7E870EAA}"
	ProjectSection(SolutionItems) = preProject
		global.json = global.json
	EndProjectSection
EndProject
Project("{2150E333-8FDC-42A3-9474-1A3956D46DE8}") = "Deployment", "Deployment", "{B6E02BEC-863D-43CC-AE96-E80D393746A8}"
EndProject
Project("{151D2E53-A2C4-4D7D-83FE-D05416EBD58E}") = "Deployment", "ContosoMomentsDeployment\Deployment.deployproj", "{B96FF9B9-03CB-48A9-8E02-450FB649D9ED}"
EndProject
Project("{2150E333-8FDC-42A3-9474-1A3956D46DE8}") = "Mobile", "Mobile", "{71D9D8A9-51F7-4B05-B9DF-C24EAF853A50}"
EndProject
Project("{D954291E-2A0B-460D-934E-DC6B0785DB48}") = "ContosoMoments", "Mobile\ContosoMoments\ContosoMoments.shproj", "{9ADECDE0-0A6D-41C3-B0C8-DF786035A62B}"
EndProject
Project("{FAE04EC0-301F-11D3-BF4B-00C04F79EFBC}") = "ContosoMoments.Droid", "Mobile\ContosoMoments.Droid\ContosoMoments.Droid.csproj", "{D1107DEE-672E-4FB6-B81E-ABC8326FC48B}"
EndProject
Project("{FAE04EC0-301F-11D3-BF4B-00C04F79EFBC}") = "ContosoMoments.iOS", "Mobile\ContosoMoments.iOS\ContosoMoments.iOS.csproj", "{B05129CD-0D56-4FF1-800F-51FCD8611F9F}"
EndProject
Project("{FAE04EC0-301F-11D3-BF4B-00C04F79EFBC}") = "ContosoMoments.WinPhone", "Mobile\ContosoMoments.WinPhone\ContosoMoments.WinPhone.csproj", "{D2B524E8-338F-4D83-AC73-37FAD854ACF3}"
EndProject
Project("{FAE04EC0-301F-11D3-BF4B-00C04F79EFBC}") = "ContosoMoments.Common", "Cloud\ContosoMoments.Common\ContosoMoments.Common.csproj", "{C2C4991B-5A0C-4DA4-9A80-2D2C89A95DCE}"
EndProject
Project("{FAE04EC0-301F-11D3-BF4B-00C04F79EFBC}") = "ContosoMoments.API", "Cloud\ContosoMoments.API\ContosoMoments.API.csproj", "{E9D9FABF-B7A5-4E93-B14C-3EFC897D78AC}"
EndProject
Project("{FAE04EC0-301F-11D3-BF4B-00C04F79EFBC}") = "ContosoMoments.WebJobWrapper", "Cloud\ContosoMoments.WebJobWrapper\ContosoMoments.WebJobWrapper.csproj", "{32FDB152-1D9B-4682-9869-4CEF34C3E40E}"
EndProject
Project("{FAE04EC0-301F-11D3-BF4B-00C04F79EFBC}") = "ContosoMoments.ResizerWebJob", "Cloud\ContosoMoments.ResizerWebJob\ContosoMoments.ResizerWebJob.csproj", "{21AB2B1C-5F21-43DB-A3D6-F5C2DED4ED2C}"
EndProject
Global
	GlobalSection(SharedMSBuildProjectFiles) = preSolution
		Mobile\ContosoMoments\ContosoMoments.projitems*{d2b524e8-338f-4d83-ac73-37fad854acf3}*SharedItemsImports = 4
		Mobile\ContosoMoments\ContosoMoments.projitems*{b05129cd-0d56-4ff1-800f-51fcd8611f9f}*SharedItemsImports = 4
		Mobile\ContosoMoments\ContosoMoments.projitems*{d1107dee-672e-4fb6-b81e-abc8326fc48b}*SharedItemsImports = 4
		Mobile\ContosoMoments\ContosoMoments.projitems*{9adecde0-0a6d-41c3-b0c8-df786035a62b}*SharedItemsImports = 13
	EndGlobalSection
	GlobalSection(SolutionConfigurationPlatforms) = preSolution
		Ad-Hoc|Any CPU = Ad-Hoc|Any CPU
		Ad-Hoc|ARM = Ad-Hoc|ARM
		Ad-Hoc|iPhone = Ad-Hoc|iPhone
		Ad-Hoc|iPhoneSimulator = Ad-Hoc|iPhoneSimulator
		Ad-Hoc|x86 = Ad-Hoc|x86
		AppStore|Any CPU = AppStore|Any CPU
		AppStore|ARM = AppStore|ARM
		AppStore|iPhone = AppStore|iPhone
		AppStore|iPhoneSimulator = AppStore|iPhoneSimulator
		AppStore|x86 = AppStore|x86
		Debug|Any CPU = Debug|Any CPU
		Debug|ARM = Debug|ARM
		Debug|iPhone = Debug|iPhone
		Debug|iPhoneSimulator = Debug|iPhoneSimulator
		Debug|x86 = Debug|x86
		Release|Any CPU = Release|Any CPU
		Release|ARM = Release|ARM
		Release|iPhone = Release|iPhone
		Release|iPhoneSimulator = Release|iPhoneSimulator
		Release|x86 = Release|x86
	EndGlobalSection
	GlobalSection(ProjectConfigurationPlatforms) = postSolution
		{B96FF9B9-03CB-48A9-8E02-450FB649D9ED}.Ad-Hoc|Any CPU.ActiveCfg = Release|Any CPU
		{B96FF9B9-03CB-48A9-8E02-450FB649D9ED}.Ad-Hoc|Any CPU.Build.0 = Release|Any CPU
		{B96FF9B9-03CB-48A9-8E02-450FB649D9ED}.Ad-Hoc|ARM.ActiveCfg = Release|Any CPU
		{B96FF9B9-03CB-48A9-8E02-450FB649D9ED}.Ad-Hoc|ARM.Build.0 = Release|Any CPU
		{B96FF9B9-03CB-48A9-8E02-450FB649D9ED}.Ad-Hoc|iPhone.ActiveCfg = Release|Any CPU
		{B96FF9B9-03CB-48A9-8E02-450FB649D9ED}.Ad-Hoc|iPhone.Build.0 = Release|Any CPU
		{B96FF9B9-03CB-48A9-8E02-450FB649D9ED}.Ad-Hoc|iPhoneSimulator.ActiveCfg = Release|Any CPU
		{B96FF9B9-03CB-48A9-8E02-450FB649D9ED}.Ad-Hoc|iPhoneSimulator.Build.0 = Release|Any CPU
		{B96FF9B9-03CB-48A9-8E02-450FB649D9ED}.Ad-Hoc|x86.ActiveCfg = Release|Any CPU
		{B96FF9B9-03CB-48A9-8E02-450FB649D9ED}.Ad-Hoc|x86.Build.0 = Release|Any CPU
		{B96FF9B9-03CB-48A9-8E02-450FB649D9ED}.AppStore|Any CPU.ActiveCfg = Release|Any CPU
		{B96FF9B9-03CB-48A9-8E02-450FB649D9ED}.AppStore|Any CPU.Build.0 = Release|Any CPU
		{B96FF9B9-03CB-48A9-8E02-450FB649D9ED}.AppStore|ARM.ActiveCfg = Release|Any CPU
		{B96FF9B9-03CB-48A9-8E02-450FB649D9ED}.AppStore|ARM.Build.0 = Release|Any CPU
		{B96FF9B9-03CB-48A9-8E02-450FB649D9ED}.AppStore|iPhone.ActiveCfg = Release|Any CPU
		{B96FF9B9-03CB-48A9-8E02-450FB649D9ED}.AppStore|iPhone.Build.0 = Release|Any CPU
		{B96FF9B9-03CB-48A9-8E02-450FB649D9ED}.AppStore|iPhoneSimulator.ActiveCfg = Release|Any CPU
		{B96FF9B9-03CB-48A9-8E02-450FB649D9ED}.AppStore|iPhoneSimulator.Build.0 = Release|Any CPU
		{B96FF9B9-03CB-48A9-8E02-450FB649D9ED}.AppStore|x86.ActiveCfg = Release|Any CPU
		{B96FF9B9-03CB-48A9-8E02-450FB649D9ED}.AppStore|x86.Build.0 = Release|Any CPU
		{B96FF9B9-03CB-48A9-8E02-450FB649D9ED}.Debug|Any CPU.ActiveCfg = Debug|Any CPU
		{B96FF9B9-03CB-48A9-8E02-450FB649D9ED}.Debug|Any CPU.Deploy.0 = Debug|Any CPU
		{B96FF9B9-03CB-48A9-8E02-450FB649D9ED}.Debug|ARM.ActiveCfg = Debug|Any CPU
		{B96FF9B9-03CB-48A9-8E02-450FB649D9ED}.Debug|ARM.Build.0 = Debug|Any CPU
		{B96FF9B9-03CB-48A9-8E02-450FB649D9ED}.Debug|iPhone.ActiveCfg = Debug|Any CPU
		{B96FF9B9-03CB-48A9-8E02-450FB649D9ED}.Debug|iPhone.Build.0 = Debug|Any CPU
		{B96FF9B9-03CB-48A9-8E02-450FB649D9ED}.Debug|iPhoneSimulator.ActiveCfg = Debug|Any CPU
		{B96FF9B9-03CB-48A9-8E02-450FB649D9ED}.Debug|iPhoneSimulator.Build.0 = Debug|Any CPU
		{B96FF9B9-03CB-48A9-8E02-450FB649D9ED}.Debug|x86.ActiveCfg = Debug|Any CPU
		{B96FF9B9-03CB-48A9-8E02-450FB649D9ED}.Debug|x86.Build.0 = Debug|Any CPU
		{B96FF9B9-03CB-48A9-8E02-450FB649D9ED}.Release|Any CPU.ActiveCfg = Release|Any CPU
		{B96FF9B9-03CB-48A9-8E02-450FB649D9ED}.Release|Any CPU.Build.0 = Release|Any CPU
		{B96FF9B9-03CB-48A9-8E02-450FB649D9ED}.Release|ARM.ActiveCfg = Release|Any CPU
		{B96FF9B9-03CB-48A9-8E02-450FB649D9ED}.Release|ARM.Build.0 = Release|Any CPU
		{B96FF9B9-03CB-48A9-8E02-450FB649D9ED}.Release|iPhone.ActiveCfg = Release|Any CPU
		{B96FF9B9-03CB-48A9-8E02-450FB649D9ED}.Release|iPhone.Build.0 = Release|Any CPU
		{B96FF9B9-03CB-48A9-8E02-450FB649D9ED}.Release|iPhoneSimulator.ActiveCfg = Release|Any CPU
		{B96FF9B9-03CB-48A9-8E02-450FB649D9ED}.Release|iPhoneSimulator.Build.0 = Release|Any CPU
		{B96FF9B9-03CB-48A9-8E02-450FB649D9ED}.Release|x86.ActiveCfg = Release|Any CPU
		{B96FF9B9-03CB-48A9-8E02-450FB649D9ED}.Release|x86.Build.0 = Release|Any CPU
		{D1107DEE-672E-4FB6-B81E-ABC8326FC48B}.Ad-Hoc|Any CPU.ActiveCfg = Release|Any CPU
		{D1107DEE-672E-4FB6-B81E-ABC8326FC48B}.Ad-Hoc|Any CPU.Build.0 = Release|Any CPU
		{D1107DEE-672E-4FB6-B81E-ABC8326FC48B}.Ad-Hoc|Any CPU.Deploy.0 = Release|Any CPU
		{D1107DEE-672E-4FB6-B81E-ABC8326FC48B}.Ad-Hoc|ARM.ActiveCfg = Release|Any CPU
		{D1107DEE-672E-4FB6-B81E-ABC8326FC48B}.Ad-Hoc|ARM.Build.0 = Release|Any CPU
		{D1107DEE-672E-4FB6-B81E-ABC8326FC48B}.Ad-Hoc|ARM.Deploy.0 = Release|Any CPU
		{D1107DEE-672E-4FB6-B81E-ABC8326FC48B}.Ad-Hoc|iPhone.ActiveCfg = Release|Any CPU
		{D1107DEE-672E-4FB6-B81E-ABC8326FC48B}.Ad-Hoc|iPhone.Build.0 = Release|Any CPU
		{D1107DEE-672E-4FB6-B81E-ABC8326FC48B}.Ad-Hoc|iPhone.Deploy.0 = Release|Any CPU
		{D1107DEE-672E-4FB6-B81E-ABC8326FC48B}.Ad-Hoc|iPhoneSimulator.ActiveCfg = Release|Any CPU
		{D1107DEE-672E-4FB6-B81E-ABC8326FC48B}.Ad-Hoc|iPhoneSimulator.Build.0 = Release|Any CPU
		{D1107DEE-672E-4FB6-B81E-ABC8326FC48B}.Ad-Hoc|iPhoneSimulator.Deploy.0 = Release|Any CPU
		{D1107DEE-672E-4FB6-B81E-ABC8326FC48B}.Ad-Hoc|x86.ActiveCfg = Release|Any CPU
		{D1107DEE-672E-4FB6-B81E-ABC8326FC48B}.Ad-Hoc|x86.Build.0 = Release|Any CPU
		{D1107DEE-672E-4FB6-B81E-ABC8326FC48B}.Ad-Hoc|x86.Deploy.0 = Release|Any CPU
		{D1107DEE-672E-4FB6-B81E-ABC8326FC48B}.AppStore|Any CPU.ActiveCfg = Release|Any CPU
		{D1107DEE-672E-4FB6-B81E-ABC8326FC48B}.AppStore|Any CPU.Build.0 = Release|Any CPU
		{D1107DEE-672E-4FB6-B81E-ABC8326FC48B}.AppStore|Any CPU.Deploy.0 = Release|Any CPU
		{D1107DEE-672E-4FB6-B81E-ABC8326FC48B}.AppStore|ARM.ActiveCfg = Release|Any CPU
		{D1107DEE-672E-4FB6-B81E-ABC8326FC48B}.AppStore|ARM.Build.0 = Release|Any CPU
		{D1107DEE-672E-4FB6-B81E-ABC8326FC48B}.AppStore|ARM.Deploy.0 = Release|Any CPU
		{D1107DEE-672E-4FB6-B81E-ABC8326FC48B}.AppStore|iPhone.ActiveCfg = Release|Any CPU
		{D1107DEE-672E-4FB6-B81E-ABC8326FC48B}.AppStore|iPhone.Build.0 = Release|Any CPU
		{D1107DEE-672E-4FB6-B81E-ABC8326FC48B}.AppStore|iPhone.Deploy.0 = Release|Any CPU
		{D1107DEE-672E-4FB6-B81E-ABC8326FC48B}.AppStore|iPhoneSimulator.ActiveCfg = Release|Any CPU
		{D1107DEE-672E-4FB6-B81E-ABC8326FC48B}.AppStore|iPhoneSimulator.Build.0 = Release|Any CPU
		{D1107DEE-672E-4FB6-B81E-ABC8326FC48B}.AppStore|iPhoneSimulator.Deploy.0 = Release|Any CPU
		{D1107DEE-672E-4FB6-B81E-ABC8326FC48B}.AppStore|x86.ActiveCfg = Release|Any CPU
		{D1107DEE-672E-4FB6-B81E-ABC8326FC48B}.AppStore|x86.Build.0 = Release|Any CPU
		{D1107DEE-672E-4FB6-B81E-ABC8326FC48B}.AppStore|x86.Deploy.0 = Release|Any CPU
		{D1107DEE-672E-4FB6-B81E-ABC8326FC48B}.Debug|Any CPU.ActiveCfg = Debug|Any CPU
		{D1107DEE-672E-4FB6-B81E-ABC8326FC48B}.Debug|Any CPU.Build.0 = Debug|Any CPU
		{D1107DEE-672E-4FB6-B81E-ABC8326FC48B}.Debug|Any CPU.Deploy.0 = Debug|Any CPU
		{D1107DEE-672E-4FB6-B81E-ABC8326FC48B}.Debug|ARM.ActiveCfg = Debug|Any CPU
		{D1107DEE-672E-4FB6-B81E-ABC8326FC48B}.Debug|ARM.Build.0 = Debug|Any CPU
		{D1107DEE-672E-4FB6-B81E-ABC8326FC48B}.Debug|ARM.Deploy.0 = Debug|Any CPU
		{D1107DEE-672E-4FB6-B81E-ABC8326FC48B}.Debug|iPhone.ActiveCfg = Debug|Any CPU
		{D1107DEE-672E-4FB6-B81E-ABC8326FC48B}.Debug|iPhone.Build.0 = Debug|Any CPU
		{D1107DEE-672E-4FB6-B81E-ABC8326FC48B}.Debug|iPhone.Deploy.0 = Debug|Any CPU
		{D1107DEE-672E-4FB6-B81E-ABC8326FC48B}.Debug|iPhoneSimulator.ActiveCfg = Debug|Any CPU
		{D1107DEE-672E-4FB6-B81E-ABC8326FC48B}.Debug|iPhoneSimulator.Build.0 = Debug|Any CPU
		{D1107DEE-672E-4FB6-B81E-ABC8326FC48B}.Debug|iPhoneSimulator.Deploy.0 = Debug|Any CPU
		{D1107DEE-672E-4FB6-B81E-ABC8326FC48B}.Debug|x86.ActiveCfg = Debug|Any CPU
		{D1107DEE-672E-4FB6-B81E-ABC8326FC48B}.Debug|x86.Build.0 = Debug|Any CPU
		{D1107DEE-672E-4FB6-B81E-ABC8326FC48B}.Debug|x86.Deploy.0 = Debug|Any CPU
		{D1107DEE-672E-4FB6-B81E-ABC8326FC48B}.Release|Any CPU.ActiveCfg = Release|Any CPU
		{D1107DEE-672E-4FB6-B81E-ABC8326FC48B}.Release|Any CPU.Build.0 = Release|Any CPU
		{D1107DEE-672E-4FB6-B81E-ABC8326FC48B}.Release|Any CPU.Deploy.0 = Release|Any CPU
		{D1107DEE-672E-4FB6-B81E-ABC8326FC48B}.Release|ARM.ActiveCfg = Release|Any CPU
		{D1107DEE-672E-4FB6-B81E-ABC8326FC48B}.Release|ARM.Build.0 = Release|Any CPU
		{D1107DEE-672E-4FB6-B81E-ABC8326FC48B}.Release|ARM.Deploy.0 = Release|Any CPU
		{D1107DEE-672E-4FB6-B81E-ABC8326FC48B}.Release|iPhone.ActiveCfg = Release|Any CPU
		{D1107DEE-672E-4FB6-B81E-ABC8326FC48B}.Release|iPhone.Build.0 = Release|Any CPU
		{D1107DEE-672E-4FB6-B81E-ABC8326FC48B}.Release|iPhone.Deploy.0 = Release|Any CPU
		{D1107DEE-672E-4FB6-B81E-ABC8326FC48B}.Release|iPhoneSimulator.ActiveCfg = Release|Any CPU
		{D1107DEE-672E-4FB6-B81E-ABC8326FC48B}.Release|iPhoneSimulator.Build.0 = Release|Any CPU
		{D1107DEE-672E-4FB6-B81E-ABC8326FC48B}.Release|iPhoneSimulator.Deploy.0 = Release|Any CPU
		{D1107DEE-672E-4FB6-B81E-ABC8326FC48B}.Release|x86.ActiveCfg = Release|Any CPU
		{D1107DEE-672E-4FB6-B81E-ABC8326FC48B}.Release|x86.Build.0 = Release|Any CPU
		{D1107DEE-672E-4FB6-B81E-ABC8326FC48B}.Release|x86.Deploy.0 = Release|Any CPU
		{B05129CD-0D56-4FF1-800F-51FCD8611F9F}.Ad-Hoc|Any CPU.ActiveCfg = Ad-Hoc|iPhone
		{B05129CD-0D56-4FF1-800F-51FCD8611F9F}.Ad-Hoc|ARM.ActiveCfg = Ad-Hoc|iPhone
		{B05129CD-0D56-4FF1-800F-51FCD8611F9F}.Ad-Hoc|iPhone.ActiveCfg = Ad-Hoc|iPhone
		{B05129CD-0D56-4FF1-800F-51FCD8611F9F}.Ad-Hoc|iPhone.Build.0 = Ad-Hoc|iPhone
		{B05129CD-0D56-4FF1-800F-51FCD8611F9F}.Ad-Hoc|iPhoneSimulator.ActiveCfg = Ad-Hoc|iPhoneSimulator
		{B05129CD-0D56-4FF1-800F-51FCD8611F9F}.Ad-Hoc|iPhoneSimulator.Build.0 = Ad-Hoc|iPhoneSimulator
		{B05129CD-0D56-4FF1-800F-51FCD8611F9F}.Ad-Hoc|x86.ActiveCfg = Ad-Hoc|iPhone
		{B05129CD-0D56-4FF1-800F-51FCD8611F9F}.AppStore|Any CPU.ActiveCfg = AppStore|iPhone
		{B05129CD-0D56-4FF1-800F-51FCD8611F9F}.AppStore|ARM.ActiveCfg = AppStore|iPhone
		{B05129CD-0D56-4FF1-800F-51FCD8611F9F}.AppStore|iPhone.ActiveCfg = AppStore|iPhone
		{B05129CD-0D56-4FF1-800F-51FCD8611F9F}.AppStore|iPhone.Build.0 = AppStore|iPhone
		{B05129CD-0D56-4FF1-800F-51FCD8611F9F}.AppStore|iPhoneSimulator.ActiveCfg = AppStore|iPhoneSimulator
		{B05129CD-0D56-4FF1-800F-51FCD8611F9F}.AppStore|iPhoneSimulator.Build.0 = AppStore|iPhoneSimulator
		{B05129CD-0D56-4FF1-800F-51FCD8611F9F}.AppStore|x86.ActiveCfg = AppStore|iPhone
		{B05129CD-0D56-4FF1-800F-51FCD8611F9F}.Debug|Any CPU.ActiveCfg = Debug|iPhone
		{B05129CD-0D56-4FF1-800F-51FCD8611F9F}.Debug|ARM.ActiveCfg = Debug|iPhone
		{B05129CD-0D56-4FF1-800F-51FCD8611F9F}.Debug|iPhone.ActiveCfg = Debug|iPhone
		{B05129CD-0D56-4FF1-800F-51FCD8611F9F}.Debug|iPhone.Build.0 = Debug|iPhone
		{B05129CD-0D56-4FF1-800F-51FCD8611F9F}.Debug|iPhoneSimulator.ActiveCfg = Debug|iPhoneSimulator
		{B05129CD-0D56-4FF1-800F-51FCD8611F9F}.Debug|iPhoneSimulator.Build.0 = Debug|iPhoneSimulator
		{B05129CD-0D56-4FF1-800F-51FCD8611F9F}.Debug|x86.ActiveCfg = Debug|iPhone
		{B05129CD-0D56-4FF1-800F-51FCD8611F9F}.Release|Any CPU.ActiveCfg = Release|iPhone
		{B05129CD-0D56-4FF1-800F-51FCD8611F9F}.Release|ARM.ActiveCfg = Release|iPhone
		{B05129CD-0D56-4FF1-800F-51FCD8611F9F}.Release|iPhone.ActiveCfg = Release|iPhone
		{B05129CD-0D56-4FF1-800F-51FCD8611F9F}.Release|iPhone.Build.0 = Release|iPhone
		{B05129CD-0D56-4FF1-800F-51FCD8611F9F}.Release|iPhoneSimulator.ActiveCfg = Release|iPhoneSimulator
		{B05129CD-0D56-4FF1-800F-51FCD8611F9F}.Release|iPhoneSimulator.Build.0 = Release|iPhoneSimulator
		{B05129CD-0D56-4FF1-800F-51FCD8611F9F}.Release|x86.ActiveCfg = Release|iPhone
		{D2B524E8-338F-4D83-AC73-37FAD854ACF3}.Ad-Hoc|Any CPU.ActiveCfg = Release|Any CPU
		{D2B524E8-338F-4D83-AC73-37FAD854ACF3}.Ad-Hoc|Any CPU.Build.0 = Release|Any CPU
		{D2B524E8-338F-4D83-AC73-37FAD854ACF3}.Ad-Hoc|Any CPU.Deploy.0 = Release|Any CPU
		{D2B524E8-338F-4D83-AC73-37FAD854ACF3}.Ad-Hoc|ARM.ActiveCfg = Release|ARM
		{D2B524E8-338F-4D83-AC73-37FAD854ACF3}.Ad-Hoc|ARM.Build.0 = Release|ARM
		{D2B524E8-338F-4D83-AC73-37FAD854ACF3}.Ad-Hoc|ARM.Deploy.0 = Release|ARM
		{D2B524E8-338F-4D83-AC73-37FAD854ACF3}.Ad-Hoc|iPhone.ActiveCfg = Release|Any CPU
		{D2B524E8-338F-4D83-AC73-37FAD854ACF3}.Ad-Hoc|iPhone.Build.0 = Release|Any CPU
		{D2B524E8-338F-4D83-AC73-37FAD854ACF3}.Ad-Hoc|iPhone.Deploy.0 = Release|Any CPU
		{D2B524E8-338F-4D83-AC73-37FAD854ACF3}.Ad-Hoc|iPhoneSimulator.ActiveCfg = Release|Any CPU
		{D2B524E8-338F-4D83-AC73-37FAD854ACF3}.Ad-Hoc|iPhoneSimulator.Build.0 = Release|Any CPU
		{D2B524E8-338F-4D83-AC73-37FAD854ACF3}.Ad-Hoc|iPhoneSimulator.Deploy.0 = Release|Any CPU
		{D2B524E8-338F-4D83-AC73-37FAD854ACF3}.Ad-Hoc|x86.ActiveCfg = Release|x86
		{D2B524E8-338F-4D83-AC73-37FAD854ACF3}.Ad-Hoc|x86.Build.0 = Release|x86
		{D2B524E8-338F-4D83-AC73-37FAD854ACF3}.Ad-Hoc|x86.Deploy.0 = Release|x86
		{D2B524E8-338F-4D83-AC73-37FAD854ACF3}.AppStore|Any CPU.ActiveCfg = Release|Any CPU
		{D2B524E8-338F-4D83-AC73-37FAD854ACF3}.AppStore|Any CPU.Build.0 = Release|Any CPU
		{D2B524E8-338F-4D83-AC73-37FAD854ACF3}.AppStore|Any CPU.Deploy.0 = Release|Any CPU
		{D2B524E8-338F-4D83-AC73-37FAD854ACF3}.AppStore|ARM.ActiveCfg = Release|ARM
		{D2B524E8-338F-4D83-AC73-37FAD854ACF3}.AppStore|ARM.Build.0 = Release|ARM
		{D2B524E8-338F-4D83-AC73-37FAD854ACF3}.AppStore|ARM.Deploy.0 = Release|ARM
		{D2B524E8-338F-4D83-AC73-37FAD854ACF3}.AppStore|iPhone.ActiveCfg = Release|Any CPU
		{D2B524E8-338F-4D83-AC73-37FAD854ACF3}.AppStore|iPhone.Build.0 = Release|Any CPU
		{D2B524E8-338F-4D83-AC73-37FAD854ACF3}.AppStore|iPhone.Deploy.0 = Release|Any CPU
		{D2B524E8-338F-4D83-AC73-37FAD854ACF3}.AppStore|iPhoneSimulator.ActiveCfg = Release|Any CPU
		{D2B524E8-338F-4D83-AC73-37FAD854ACF3}.AppStore|iPhoneSimulator.Build.0 = Release|Any CPU
		{D2B524E8-338F-4D83-AC73-37FAD854ACF3}.AppStore|iPhoneSimulator.Deploy.0 = Release|Any CPU
		{D2B524E8-338F-4D83-AC73-37FAD854ACF3}.AppStore|x86.ActiveCfg = Release|x86
		{D2B524E8-338F-4D83-AC73-37FAD854ACF3}.AppStore|x86.Build.0 = Release|x86
		{D2B524E8-338F-4D83-AC73-37FAD854ACF3}.AppStore|x86.Deploy.0 = Release|x86
		{D2B524E8-338F-4D83-AC73-37FAD854ACF3}.Debug|Any CPU.ActiveCfg = Debug|Any CPU
		{D2B524E8-338F-4D83-AC73-37FAD854ACF3}.Debug|Any CPU.Build.0 = Debug|Any CPU
		{D2B524E8-338F-4D83-AC73-37FAD854ACF3}.Debug|Any CPU.Deploy.0 = Debug|Any CPU
		{D2B524E8-338F-4D83-AC73-37FAD854ACF3}.Debug|ARM.ActiveCfg = Debug|ARM
		{D2B524E8-338F-4D83-AC73-37FAD854ACF3}.Debug|ARM.Build.0 = Debug|ARM
		{D2B524E8-338F-4D83-AC73-37FAD854ACF3}.Debug|ARM.Deploy.0 = Debug|ARM
		{D2B524E8-338F-4D83-AC73-37FAD854ACF3}.Debug|iPhone.ActiveCfg = Debug|Any CPU
		{D2B524E8-338F-4D83-AC73-37FAD854ACF3}.Debug|iPhone.Build.0 = Debug|Any CPU
		{D2B524E8-338F-4D83-AC73-37FAD854ACF3}.Debug|iPhone.Deploy.0 = Debug|Any CPU
		{D2B524E8-338F-4D83-AC73-37FAD854ACF3}.Debug|iPhoneSimulator.ActiveCfg = Debug|Any CPU
		{D2B524E8-338F-4D83-AC73-37FAD854ACF3}.Debug|iPhoneSimulator.Build.0 = Debug|Any CPU
		{D2B524E8-338F-4D83-AC73-37FAD854ACF3}.Debug|iPhoneSimulator.Deploy.0 = Debug|Any CPU
		{D2B524E8-338F-4D83-AC73-37FAD854ACF3}.Debug|x86.ActiveCfg = Debug|x86
		{D2B524E8-338F-4D83-AC73-37FAD854ACF3}.Debug|x86.Build.0 = Debug|x86
		{D2B524E8-338F-4D83-AC73-37FAD854ACF3}.Debug|x86.Deploy.0 = Debug|x86
		{D2B524E8-338F-4D83-AC73-37FAD854ACF3}.Release|Any CPU.ActiveCfg = Release|Any CPU
		{D2B524E8-338F-4D83-AC73-37FAD854ACF3}.Release|Any CPU.Build.0 = Release|Any CPU
		{D2B524E8-338F-4D83-AC73-37FAD854ACF3}.Release|Any CPU.Deploy.0 = Release|Any CPU
		{D2B524E8-338F-4D83-AC73-37FAD854ACF3}.Release|ARM.ActiveCfg = Release|ARM
		{D2B524E8-338F-4D83-AC73-37FAD854ACF3}.Release|ARM.Build.0 = Release|ARM
		{D2B524E8-338F-4D83-AC73-37FAD854ACF3}.Release|ARM.Deploy.0 = Release|ARM
		{D2B524E8-338F-4D83-AC73-37FAD854ACF3}.Release|iPhone.ActiveCfg = Release|Any CPU
		{D2B524E8-338F-4D83-AC73-37FAD854ACF3}.Release|iPhone.Build.0 = Release|Any CPU
		{D2B524E8-338F-4D83-AC73-37FAD854ACF3}.Release|iPhone.Deploy.0 = Release|Any CPU
		{D2B524E8-338F-4D83-AC73-37FAD854ACF3}.Release|iPhoneSimulator.ActiveCfg = Release|Any CPU
		{D2B524E8-338F-4D83-AC73-37FAD854ACF3}.Release|iPhoneSimulator.Build.0 = Release|Any CPU
		{D2B524E8-338F-4D83-AC73-37FAD854ACF3}.Release|iPhoneSimulator.Deploy.0 = Release|Any CPU
		{D2B524E8-338F-4D83-AC73-37FAD854ACF3}.Release|x86.ActiveCfg = Release|x86
		{D2B524E8-338F-4D83-AC73-37FAD854ACF3}.Release|x86.Build.0 = Release|x86
		{D2B524E8-338F-4D83-AC73-37FAD854ACF3}.Release|x86.Deploy.0 = Release|x86
		{C2C4991B-5A0C-4DA4-9A80-2D2C89A95DCE}.Ad-Hoc|Any CPU.ActiveCfg = Release|Any CPU
		{C2C4991B-5A0C-4DA4-9A80-2D2C89A95DCE}.Ad-Hoc|Any CPU.Build.0 = Release|Any CPU
		{C2C4991B-5A0C-4DA4-9A80-2D2C89A95DCE}.Ad-Hoc|ARM.ActiveCfg = Release|Any CPU
		{C2C4991B-5A0C-4DA4-9A80-2D2C89A95DCE}.Ad-Hoc|ARM.Build.0 = Release|Any CPU
		{C2C4991B-5A0C-4DA4-9A80-2D2C89A95DCE}.Ad-Hoc|iPhone.ActiveCfg = Release|Any CPU
		{C2C4991B-5A0C-4DA4-9A80-2D2C89A95DCE}.Ad-Hoc|iPhone.Build.0 = Release|Any CPU
		{C2C4991B-5A0C-4DA4-9A80-2D2C89A95DCE}.Ad-Hoc|iPhoneSimulator.ActiveCfg = Release|Any CPU
		{C2C4991B-5A0C-4DA4-9A80-2D2C89A95DCE}.Ad-Hoc|iPhoneSimulator.Build.0 = Release|Any CPU
		{C2C4991B-5A0C-4DA4-9A80-2D2C89A95DCE}.Ad-Hoc|x86.ActiveCfg = Release|Any CPU
		{C2C4991B-5A0C-4DA4-9A80-2D2C89A95DCE}.Ad-Hoc|x86.Build.0 = Release|Any CPU
		{C2C4991B-5A0C-4DA4-9A80-2D2C89A95DCE}.AppStore|Any CPU.ActiveCfg = Release|Any CPU
		{C2C4991B-5A0C-4DA4-9A80-2D2C89A95DCE}.AppStore|Any CPU.Build.0 = Release|Any CPU
		{C2C4991B-5A0C-4DA4-9A80-2D2C89A95DCE}.AppStore|ARM.ActiveCfg = Release|Any CPU
		{C2C4991B-5A0C-4DA4-9A80-2D2C89A95DCE}.AppStore|ARM.Build.0 = Release|Any CPU
		{C2C4991B-5A0C-4DA4-9A80-2D2C89A95DCE}.AppStore|iPhone.ActiveCfg = Release|Any CPU
		{C2C4991B-5A0C-4DA4-9A80-2D2C89A95DCE}.AppStore|iPhone.Build.0 = Release|Any CPU
		{C2C4991B-5A0C-4DA4-9A80-2D2C89A95DCE}.AppStore|iPhoneSimulator.ActiveCfg = Release|Any CPU
		{C2C4991B-5A0C-4DA4-9A80-2D2C89A95DCE}.AppStore|iPhoneSimulator.Build.0 = Release|Any CPU
		{C2C4991B-5A0C-4DA4-9A80-2D2C89A95DCE}.AppStore|x86.ActiveCfg = Release|Any CPU
		{C2C4991B-5A0C-4DA4-9A80-2D2C89A95DCE}.AppStore|x86.Build.0 = Release|Any CPU
		{C2C4991B-5A0C-4DA4-9A80-2D2C89A95DCE}.Debug|Any CPU.ActiveCfg = Debug|Any CPU
		{C2C4991B-5A0C-4DA4-9A80-2D2C89A95DCE}.Debug|Any CPU.Build.0 = Debug|Any CPU
		{C2C4991B-5A0C-4DA4-9A80-2D2C89A95DCE}.Debug|ARM.ActiveCfg = Debug|Any CPU
		{C2C4991B-5A0C-4DA4-9A80-2D2C89A95DCE}.Debug|ARM.Build.0 = Debug|Any CPU
		{C2C4991B-5A0C-4DA4-9A80-2D2C89A95DCE}.Debug|iPhone.ActiveCfg = Debug|Any CPU
		{C2C4991B-5A0C-4DA4-9A80-2D2C89A95DCE}.Debug|iPhone.Build.0 = Debug|Any CPU
		{C2C4991B-5A0C-4DA4-9A80-2D2C89A95DCE}.Debug|iPhoneSimulator.ActiveCfg = Debug|Any CPU
		{C2C4991B-5A0C-4DA4-9A80-2D2C89A95DCE}.Debug|iPhoneSimulator.Build.0 = Debug|Any CPU
		{C2C4991B-5A0C-4DA4-9A80-2D2C89A95DCE}.Debug|x86.ActiveCfg = Debug|Any CPU
		{C2C4991B-5A0C-4DA4-9A80-2D2C89A95DCE}.Debug|x86.Build.0 = Debug|Any CPU
		{C2C4991B-5A0C-4DA4-9A80-2D2C89A95DCE}.Release|Any CPU.ActiveCfg = Release|Any CPU
		{C2C4991B-5A0C-4DA4-9A80-2D2C89A95DCE}.Release|Any CPU.Build.0 = Release|Any CPU
		{C2C4991B-5A0C-4DA4-9A80-2D2C89A95DCE}.Release|ARM.ActiveCfg = Release|Any CPU
		{C2C4991B-5A0C-4DA4-9A80-2D2C89A95DCE}.Release|ARM.Build.0 = Release|Any CPU
		{C2C4991B-5A0C-4DA4-9A80-2D2C89A95DCE}.Release|iPhone.ActiveCfg = Release|Any CPU
		{C2C4991B-5A0C-4DA4-9A80-2D2C89A95DCE}.Release|iPhone.Build.0 = Release|Any CPU
		{C2C4991B-5A0C-4DA4-9A80-2D2C89A95DCE}.Release|iPhoneSimulator.ActiveCfg = Release|Any CPU
		{C2C4991B-5A0C-4DA4-9A80-2D2C89A95DCE}.Release|iPhoneSimulator.Build.0 = Release|Any CPU
		{C2C4991B-5A0C-4DA4-9A80-2D2C89A95DCE}.Release|x86.ActiveCfg = Release|Any CPU
		{C2C4991B-5A0C-4DA4-9A80-2D2C89A95DCE}.Release|x86.Build.0 = Release|Any CPU
		{E9D9FABF-B7A5-4E93-B14C-3EFC897D78AC}.Ad-Hoc|Any CPU.ActiveCfg = Release|Any CPU
		{E9D9FABF-B7A5-4E93-B14C-3EFC897D78AC}.Ad-Hoc|Any CPU.Build.0 = Release|Any CPU
		{E9D9FABF-B7A5-4E93-B14C-3EFC897D78AC}.Ad-Hoc|ARM.ActiveCfg = Release|Any CPU
		{E9D9FABF-B7A5-4E93-B14C-3EFC897D78AC}.Ad-Hoc|ARM.Build.0 = Release|Any CPU
		{E9D9FABF-B7A5-4E93-B14C-3EFC897D78AC}.Ad-Hoc|iPhone.ActiveCfg = Release|Any CPU
		{E9D9FABF-B7A5-4E93-B14C-3EFC897D78AC}.Ad-Hoc|iPhone.Build.0 = Release|Any CPU
		{E9D9FABF-B7A5-4E93-B14C-3EFC897D78AC}.Ad-Hoc|iPhoneSimulator.ActiveCfg = Release|Any CPU
		{E9D9FABF-B7A5-4E93-B14C-3EFC897D78AC}.Ad-Hoc|iPhoneSimulator.Build.0 = Release|Any CPU
		{E9D9FABF-B7A5-4E93-B14C-3EFC897D78AC}.Ad-Hoc|x86.ActiveCfg = Release|Any CPU
		{E9D9FABF-B7A5-4E93-B14C-3EFC897D78AC}.Ad-Hoc|x86.Build.0 = Release|Any CPU
		{E9D9FABF-B7A5-4E93-B14C-3EFC897D78AC}.AppStore|Any CPU.ActiveCfg = Release|Any CPU
		{E9D9FABF-B7A5-4E93-B14C-3EFC897D78AC}.AppStore|Any CPU.Build.0 = Release|Any CPU
		{E9D9FABF-B7A5-4E93-B14C-3EFC897D78AC}.AppStore|ARM.ActiveCfg = Release|Any CPU
		{E9D9FABF-B7A5-4E93-B14C-3EFC897D78AC}.AppStore|ARM.Build.0 = Release|Any CPU
		{E9D9FABF-B7A5-4E93-B14C-3EFC897D78AC}.AppStore|iPhone.ActiveCfg = Release|Any CPU
		{E9D9FABF-B7A5-4E93-B14C-3EFC897D78AC}.AppStore|iPhone.Build.0 = Release|Any CPU
		{E9D9FABF-B7A5-4E93-B14C-3EFC897D78AC}.AppStore|iPhoneSimulator.ActiveCfg = Release|Any CPU
		{E9D9FABF-B7A5-4E93-B14C-3EFC897D78AC}.AppStore|iPhoneSimulator.Build.0 = Release|Any CPU
		{E9D9FABF-B7A5-4E93-B14C-3EFC897D78AC}.AppStore|x86.ActiveCfg = Release|Any CPU
		{E9D9FABF-B7A5-4E93-B14C-3EFC897D78AC}.AppStore|x86.Build.0 = Release|Any CPU
		{E9D9FABF-B7A5-4E93-B14C-3EFC897D78AC}.Debug|Any CPU.ActiveCfg = Debug|Any CPU
		{E9D9FABF-B7A5-4E93-B14C-3EFC897D78AC}.Debug|Any CPU.Build.0 = Debug|Any CPU
		{E9D9FABF-B7A5-4E93-B14C-3EFC897D78AC}.Debug|ARM.ActiveCfg = Debug|Any CPU
		{E9D9FABF-B7A5-4E93-B14C-3EFC897D78AC}.Debug|ARM.Build.0 = Debug|Any CPU
		{E9D9FABF-B7A5-4E93-B14C-3EFC897D78AC}.Debug|iPhone.ActiveCfg = Debug|Any CPU
		{E9D9FABF-B7A5-4E93-B14C-3EFC897D78AC}.Debug|iPhone.Build.0 = Debug|Any CPU
		{E9D9FABF-B7A5-4E93-B14C-3EFC897D78AC}.Debug|iPhoneSimulator.ActiveCfg = Debug|Any CPU
		{E9D9FABF-B7A5-4E93-B14C-3EFC897D78AC}.Debug|iPhoneSimulator.Build.0 = Debug|Any CPU
		{E9D9FABF-B7A5-4E93-B14C-3EFC897D78AC}.Debug|x86.ActiveCfg = Debug|Any CPU
		{E9D9FABF-B7A5-4E93-B14C-3EFC897D78AC}.Debug|x86.Build.0 = Debug|Any CPU
		{E9D9FABF-B7A5-4E93-B14C-3EFC897D78AC}.Release|Any CPU.ActiveCfg = Release|Any CPU
		{E9D9FABF-B7A5-4E93-B14C-3EFC897D78AC}.Release|Any CPU.Build.0 = Release|Any CPU
		{E9D9FABF-B7A5-4E93-B14C-3EFC897D78AC}.Release|ARM.ActiveCfg = Release|Any CPU
		{E9D9FABF-B7A5-4E93-B14C-3EFC897D78AC}.Release|ARM.Build.0 = Release|Any CPU
		{E9D9FABF-B7A5-4E93-B14C-3EFC897D78AC}.Release|iPhone.ActiveCfg = Release|Any CPU
		{E9D9FABF-B7A5-4E93-B14C-3EFC897D78AC}.Release|iPhone.Build.0 = Release|Any CPU
		{E9D9FABF-B7A5-4E93-B14C-3EFC897D78AC}.Release|iPhoneSimulator.ActiveCfg = Release|Any CPU
		{E9D9FABF-B7A5-4E93-B14C-3EFC897D78AC}.Release|iPhoneSimulator.Build.0 = Release|Any CPU
		{E9D9FABF-B7A5-4E93-B14C-3EFC897D78AC}.Release|x86.ActiveCfg = Release|Any CPU
		{E9D9FABF-B7A5-4E93-B14C-3EFC897D78AC}.Release|x86.Build.0 = Release|Any CPU
		{32FDB152-1D9B-4682-9869-4CEF34C3E40E}.Ad-Hoc|Any CPU.ActiveCfg = Release|Any CPU
		{32FDB152-1D9B-4682-9869-4CEF34C3E40E}.Ad-Hoc|Any CPU.Build.0 = Release|Any CPU
		{32FDB152-1D9B-4682-9869-4CEF34C3E40E}.Ad-Hoc|ARM.ActiveCfg = Release|Any CPU
		{32FDB152-1D9B-4682-9869-4CEF34C3E40E}.Ad-Hoc|ARM.Build.0 = Release|Any CPU
		{32FDB152-1D9B-4682-9869-4CEF34C3E40E}.Ad-Hoc|iPhone.ActiveCfg = Release|Any CPU
		{32FDB152-1D9B-4682-9869-4CEF34C3E40E}.Ad-Hoc|iPhone.Build.0 = Release|Any CPU
		{32FDB152-1D9B-4682-9869-4CEF34C3E40E}.Ad-Hoc|iPhoneSimulator.ActiveCfg = Release|Any CPU
		{32FDB152-1D9B-4682-9869-4CEF34C3E40E}.Ad-Hoc|iPhoneSimulator.Build.0 = Release|Any CPU
		{32FDB152-1D9B-4682-9869-4CEF34C3E40E}.Ad-Hoc|x86.ActiveCfg = Release|Any CPU
		{32FDB152-1D9B-4682-9869-4CEF34C3E40E}.Ad-Hoc|x86.Build.0 = Release|Any CPU
		{32FDB152-1D9B-4682-9869-4CEF34C3E40E}.AppStore|Any CPU.ActiveCfg = Release|Any CPU
		{32FDB152-1D9B-4682-9869-4CEF34C3E40E}.AppStore|Any CPU.Build.0 = Release|Any CPU
		{32FDB152-1D9B-4682-9869-4CEF34C3E40E}.AppStore|ARM.ActiveCfg = Release|Any CPU
		{32FDB152-1D9B-4682-9869-4CEF34C3E40E}.AppStore|ARM.Build.0 = Release|Any CPU
		{32FDB152-1D9B-4682-9869-4CEF34C3E40E}.AppStore|iPhone.ActiveCfg = Release|Any CPU
		{32FDB152-1D9B-4682-9869-4CEF34C3E40E}.AppStore|iPhone.Build.0 = Release|Any CPU
		{32FDB152-1D9B-4682-9869-4CEF34C3E40E}.AppStore|iPhoneSimulator.ActiveCfg = Release|Any CPU
		{32FDB152-1D9B-4682-9869-4CEF34C3E40E}.AppStore|iPhoneSimulator.Build.0 = Release|Any CPU
		{32FDB152-1D9B-4682-9869-4CEF34C3E40E}.AppStore|x86.ActiveCfg = Release|Any CPU
		{32FDB152-1D9B-4682-9869-4CEF34C3E40E}.AppStore|x86.Build.0 = Release|Any CPU
		{32FDB152-1D9B-4682-9869-4CEF34C3E40E}.Debug|Any CPU.ActiveCfg = Debug|Any CPU
		{32FDB152-1D9B-4682-9869-4CEF34C3E40E}.Debug|Any CPU.Build.0 = Debug|Any CPU
		{32FDB152-1D9B-4682-9869-4CEF34C3E40E}.Debug|ARM.ActiveCfg = Debug|Any CPU
		{32FDB152-1D9B-4682-9869-4CEF34C3E40E}.Debug|ARM.Build.0 = Debug|Any CPU
		{32FDB152-1D9B-4682-9869-4CEF34C3E40E}.Debug|iPhone.ActiveCfg = Debug|Any CPU
		{32FDB152-1D9B-4682-9869-4CEF34C3E40E}.Debug|iPhone.Build.0 = Debug|Any CPU
		{32FDB152-1D9B-4682-9869-4CEF34C3E40E}.Debug|iPhoneSimulator.ActiveCfg = Debug|Any CPU
		{32FDB152-1D9B-4682-9869-4CEF34C3E40E}.Debug|iPhoneSimulator.Build.0 = Debug|Any CPU
		{32FDB152-1D9B-4682-9869-4CEF34C3E40E}.Debug|x86.ActiveCfg = Debug|Any CPU
		{32FDB152-1D9B-4682-9869-4CEF34C3E40E}.Debug|x86.Build.0 = Debug|Any CPU
		{32FDB152-1D9B-4682-9869-4CEF34C3E40E}.Release|Any CPU.ActiveCfg = Release|Any CPU
		{32FDB152-1D9B-4682-9869-4CEF34C3E40E}.Release|Any CPU.Build.0 = Release|Any CPU
		{32FDB152-1D9B-4682-9869-4CEF34C3E40E}.Release|ARM.ActiveCfg = Release|Any CPU
		{32FDB152-1D9B-4682-9869-4CEF34C3E40E}.Release|ARM.Build.0 = Release|Any CPU
		{32FDB152-1D9B-4682-9869-4CEF34C3E40E}.Release|iPhone.ActiveCfg = Release|Any CPU
		{32FDB152-1D9B-4682-9869-4CEF34C3E40E}.Release|iPhone.Build.0 = Release|Any CPU
		{32FDB152-1D9B-4682-9869-4CEF34C3E40E}.Release|iPhoneSimulator.ActiveCfg = Release|Any CPU
		{32FDB152-1D9B-4682-9869-4CEF34C3E40E}.Release|iPhoneSimulator.Build.0 = Release|Any CPU
		{32FDB152-1D9B-4682-9869-4CEF34C3E40E}.Release|x86.ActiveCfg = Release|Any CPU
		{32FDB152-1D9B-4682-9869-4CEF34C3E40E}.Release|x86.Build.0 = Release|Any CPU
		{21AB2B1C-5F21-43DB-A3D6-F5C2DED4ED2C}.Ad-Hoc|Any CPU.ActiveCfg = Release|Any CPU
		{21AB2B1C-5F21-43DB-A3D6-F5C2DED4ED2C}.Ad-Hoc|Any CPU.Build.0 = Release|Any CPU
		{21AB2B1C-5F21-43DB-A3D6-F5C2DED4ED2C}.Ad-Hoc|ARM.ActiveCfg = Release|Any CPU
		{21AB2B1C-5F21-43DB-A3D6-F5C2DED4ED2C}.Ad-Hoc|ARM.Build.0 = Release|Any CPU
		{21AB2B1C-5F21-43DB-A3D6-F5C2DED4ED2C}.Ad-Hoc|iPhone.ActiveCfg = Release|Any CPU
		{21AB2B1C-5F21-43DB-A3D6-F5C2DED4ED2C}.Ad-Hoc|iPhone.Build.0 = Release|Any CPU
		{21AB2B1C-5F21-43DB-A3D6-F5C2DED4ED2C}.Ad-Hoc|iPhoneSimulator.ActiveCfg = Release|Any CPU
		{21AB2B1C-5F21-43DB-A3D6-F5C2DED4ED2C}.Ad-Hoc|iPhoneSimulator.Build.0 = Release|Any CPU
		{21AB2B1C-5F21-43DB-A3D6-F5C2DED4ED2C}.Ad-Hoc|x86.ActiveCfg = Release|Any CPU
		{21AB2B1C-5F21-43DB-A3D6-F5C2DED4ED2C}.Ad-Hoc|x86.Build.0 = Release|Any CPU
		{21AB2B1C-5F21-43DB-A3D6-F5C2DED4ED2C}.AppStore|Any CPU.ActiveCfg = Release|Any CPU
		{21AB2B1C-5F21-43DB-A3D6-F5C2DED4ED2C}.AppStore|Any CPU.Build.0 = Release|Any CPU
		{21AB2B1C-5F21-43DB-A3D6-F5C2DED4ED2C}.AppStore|ARM.ActiveCfg = Release|Any CPU
		{21AB2B1C-5F21-43DB-A3D6-F5C2DED4ED2C}.AppStore|ARM.Build.0 = Release|Any CPU
		{21AB2B1C-5F21-43DB-A3D6-F5C2DED4ED2C}.AppStore|iPhone.ActiveCfg = Release|Any CPU
		{21AB2B1C-5F21-43DB-A3D6-F5C2DED4ED2C}.AppStore|iPhone.Build.0 = Release|Any CPU
		{21AB2B1C-5F21-43DB-A3D6-F5C2DED4ED2C}.AppStore|iPhoneSimulator.ActiveCfg = Release|Any CPU
		{21AB2B1C-5F21-43DB-A3D6-F5C2DED4ED2C}.AppStore|iPhoneSimulator.Build.0 = Release|Any CPU
		{21AB2B1C-5F21-43DB-A3D6-F5C2DED4ED2C}.AppStore|x86.ActiveCfg = Release|Any CPU
		{21AB2B1C-5F21-43DB-A3D6-F5C2DED4ED2C}.AppStore|x86.Build.0 = Release|Any CPU
		{21AB2B1C-5F21-43DB-A3D6-F5C2DED4ED2C}.Debug|Any CPU.ActiveCfg = Debug|Any CPU
		{21AB2B1C-5F21-43DB-A3D6-F5C2DED4ED2C}.Debug|Any CPU.Build.0 = Debug|Any CPU
		{21AB2B1C-5F21-43DB-A3D6-F5C2DED4ED2C}.Debug|ARM.ActiveCfg = Debug|Any CPU
		{21AB2B1C-5F21-43DB-A3D6-F5C2DED4ED2C}.Debug|ARM.Build.0 = Debug|Any CPU
		{21AB2B1C-5F21-43DB-A3D6-F5C2DED4ED2C}.Debug|iPhone.ActiveCfg = Debug|Any CPU
		{21AB2B1C-5F21-43DB-A3D6-F5C2DED4ED2C}.Debug|iPhone.Build.0 = Debug|Any CPU
		{21AB2B1C-5F21-43DB-A3D6-F5C2DED4ED2C}.Debug|iPhoneSimulator.ActiveCfg = Debug|Any CPU
		{21AB2B1C-5F21-43DB-A3D6-F5C2DED4ED2C}.Debug|iPhoneSimulator.Build.0 = Debug|Any CPU
		{21AB2B1C-5F21-43DB-A3D6-F5C2DED4ED2C}.Debug|x86.ActiveCfg = Debug|Any CPU
		{21AB2B1C-5F21-43DB-A3D6-F5C2DED4ED2C}.Debug|x86.Build.0 = Debug|Any CPU
		{21AB2B1C-5F21-43DB-A3D6-F5C2DED4ED2C}.Release|Any CPU.ActiveCfg = Release|Any CPU
		{21AB2B1C-5F21-43DB-A3D6-F5C2DED4ED2C}.Release|Any CPU.Build.0 = Release|Any CPU
		{21AB2B1C-5F21-43DB-A3D6-F5C2DED4ED2C}.Release|ARM.ActiveCfg = Release|Any CPU
		{21AB2B1C-5F21-43DB-A3D6-F5C2DED4ED2C}.Release|ARM.Build.0 = Release|Any CPU
		{21AB2B1C-5F21-43DB-A3D6-F5C2DED4ED2C}.Release|iPhone.ActiveCfg = Release|Any CPU
		{21AB2B1C-5F21-43DB-A3D6-F5C2DED4ED2C}.Release|iPhone.Build.0 = Release|Any CPU
		{21AB2B1C-5F21-43DB-A3D6-F5C2DED4ED2C}.Release|iPhoneSimulator.ActiveCfg = Release|Any CPU
		{21AB2B1C-5F21-43DB-A3D6-F5C2DED4ED2C}.Release|iPhoneSimulator.Build.0 = Release|Any CPU
		{21AB2B1C-5F21-43DB-A3D6-F5C2DED4ED2C}.Release|x86.ActiveCfg = Release|Any CPU
		{21AB2B1C-5F21-43DB-A3D6-F5C2DED4ED2C}.Release|x86.Build.0 = Release|Any CPU
	EndGlobalSection
	GlobalSection(SolutionProperties) = preSolution
		HideSolutionNode = FALSE
	EndGlobalSection
	GlobalSection(NestedProjects) = preSolution
		{B96FF9B9-03CB-48A9-8E02-450FB649D9ED} = {B6E02BEC-863D-43CC-AE96-E80D393746A8}
		{9ADECDE0-0A6D-41C3-B0C8-DF786035A62B} = {71D9D8A9-51F7-4B05-B9DF-C24EAF853A50}
		{D1107DEE-672E-4FB6-B81E-ABC8326FC48B} = {71D9D8A9-51F7-4B05-B9DF-C24EAF853A50}
		{B05129CD-0D56-4FF1-800F-51FCD8611F9F} = {71D9D8A9-51F7-4B05-B9DF-C24EAF853A50}
		{D2B524E8-338F-4D83-AC73-37FAD854ACF3} = {71D9D8A9-51F7-4B05-B9DF-C24EAF853A50}
		{C2C4991B-5A0C-4DA4-9A80-2D2C89A95DCE} = {8A3D202E-8B7F-403D-A7D0-D2C6A73A4ACB}
		{E9D9FABF-B7A5-4E93-B14C-3EFC897D78AC} = {8A3D202E-8B7F-403D-A7D0-D2C6A73A4ACB}
		{32FDB152-1D9B-4682-9869-4CEF34C3E40E} = {8A3D202E-8B7F-403D-A7D0-D2C6A73A4ACB}
		{21AB2B1C-5F21-43DB-A3D6-F5C2DED4ED2C} = {8A3D202E-8B7F-403D-A7D0-D2C6A73A4ACB}
	EndGlobalSection
EndGlobal
