
Microsoft Visual Studio Solution File, Format Version 12.00
# Visual Studio 14
VisualStudioVersion = 14.0.23107.0
MinimumVisualStudioVersion = 10.0.40219.1
Project("{2150E333-8FDC-42A3-9474-1A3956D46DE8}") = "src", "src", "{8A3D202E-8B7F-403D-A7D0-D2C6A73A4ACB}"
EndProject
Project("{2150E333-8FDC-42A3-9474-1A3956D46DE8}") = "Solution Items", "Solution Items", "{33782237-97DF-416D-B1D1-7F8D7E870EAA}"
	ProjectSection(SolutionItems) = preProject
		global.json = global.json
	EndProjectSection
EndProject
Project("{8BB2217D-0F2D-49D1-97BC-3654ED321F3B}") = "ContosoMomentsWebAPI", "src\ContosoMomentsWebAPI\ContosoMomentsWebAPI.xproj", "{2319A3DF-7025-4A47-A501-12CC0A4CB3C1}"
	ProjectSection(ProjectDependencies) = postProject
		{C2C4991B-5A0C-4DA4-9A80-2D2C89A95DCE} = {C2C4991B-5A0C-4DA4-9A80-2D2C89A95DCE}
	EndProjectSection
EndProject
Project("{2150E333-8FDC-42A3-9474-1A3956D46DE8}") = "PublishScripts", "PublishScripts", "{001D206C-86CB-4F44-BD09-B9EEE1207BC8}"
EndProject
Project("{2150E333-8FDC-42A3-9474-1A3956D46DE8}") = "Scripts", "Scripts", "{94A82226-A745-412E-8642-966C34425695}"
	ProjectSection(SolutionItems) = preProject
		PublishScripts\Scripts\Deploy-AzureResourceGroup-2.ps1 = PublishScripts\Scripts\Deploy-AzureResourceGroup-2.ps1
		PublishScripts\Scripts\Deploy-AzureResourceGroup-3.ps1 = PublishScripts\Scripts\Deploy-AzureResourceGroup-3.ps1
		PublishScripts\Scripts\Deploy-AzureResourceGroup.ps1 = PublishScripts\Scripts\Deploy-AzureResourceGroup.ps1
	EndProjectSection
EndProject
Project("{2150E333-8FDC-42A3-9474-1A3956D46DE8}") = "Templates", "Templates", "{F78A366C-1452-4973-B879-80B33BAAA61D}"
	ProjectSection(SolutionItems) = preProject
		PublishScripts\Templates\ContosoMomentsWeb.json = PublishScripts\Templates\ContosoMomentsWeb.json
		PublishScripts\Templates\ContosoMomentsWeb.param.dev.json = PublishScripts\Templates\ContosoMomentsWeb.param.dev.json
		PublishScripts\Templates\ContosoMomentsWebAPI.json = PublishScripts\Templates\ContosoMomentsWebAPI.json
		PublishScripts\Templates\ContosoMomentsWebAPI.param.dev.json = PublishScripts\Templates\ContosoMomentsWebAPI.param.dev.json
		PublishScripts\Templates\ContosoMomentsWebJobs.json = PublishScripts\Templates\ContosoMomentsWebJobs.json
		PublishScripts\Templates\ContosoMomentsWebJobs.param.dev.json = PublishScripts\Templates\ContosoMomentsWebJobs.param.dev.json
	EndProjectSection
EndProject
Project("{8BB2217D-0F2D-49D1-97BC-3654ED321F3B}") = "ContosoMomentsWeb", "src\ContosoMomentsWeb\ContosoMomentsWeb.xproj", "{AC7030CB-8F8D-4228-A1DD-7A7399FC89FB}"
EndProject
Project("{FAE04EC0-301F-11D3-BF4B-00C04F79EFBC}") = "ContosoMomentsCommon", "ContosoMomentsCommon\ContosoMomentsCommon.csproj", "{C2C4991B-5A0C-4DA4-9A80-2D2C89A95DCE}"
EndProject
Project("{FAE04EC0-301F-11D3-BF4B-00C04F79EFBC}") = "ContosoMomentsWebJobs", "ContosoMomentsWebJobs\ContosoMomentsWebJobs.csproj", "{5BD5C5FB-23F4-464B-859C-A01223805C83}"
EndProject
Project("{FAE04EC0-301F-11D3-BF4B-00C04F79EFBC}") = "ContosoMomentsImagesResizerWebJob", "ContosoMomentsImagesResizerWebJob\ContosoMomentsImagesResizerWebJob.csproj", "{3BD379FC-AFB2-4ABB-A84A-92B4B3D00EAB}"
EndProject
Project("{2150E333-8FDC-42A3-9474-1A3956D46DE8}") = "Deployment", "Deployment", "{B6E02BEC-863D-43CC-AE96-E80D393746A8}"
EndProject
Project("{151D2E53-A2C4-4D7D-83FE-D05416EBD58E}") = "ContosoMomentsDeployment", "ContosoMomentsDeployment\ContosoMomentsDeployment.deployproj", "{B96FF9B9-03CB-48A9-8E02-450FB649D9ED}"
EndProject
Project("{FAE04EC0-301F-11D3-BF4B-00C04F79EFBC}") = "ContosoMomentsMobileWeb", "ContosoMomentsMobileWeb\ContosoMomentsMobileWeb.csproj", "{85167A48-E708-4EEB-A65C-8225CD8B1F22}"
EndProject
Project("{2150E333-8FDC-42A3-9474-1A3956D46DE8}") = "Mobile", "Mobile", "{71D9D8A9-51F7-4B05-B9DF-C24EAF853A50}"
EndProject
Project("{D954291E-2A0B-460D-934E-DC6B0785DB48}") = "ContosoMoments", "Mobile\ContosoMoments\ContosoMoments\ContosoMoments.shproj", "{9ADECDE0-0A6D-41C3-B0C8-DF786035A62B}"
EndProject
Project("{FAE04EC0-301F-11D3-BF4B-00C04F79EFBC}") = "ContosoMoments.Droid", "Mobile\ContosoMoments\ContosoMoments.Droid\ContosoMoments.Droid.csproj", "{D1107DEE-672E-4FB6-B81E-ABC8326FC48B}"
EndProject
Project("{FAE04EC0-301F-11D3-BF4B-00C04F79EFBC}") = "ContosoMoments.iOS", "Mobile\ContosoMoments\ContosoMoments.iOS\ContosoMoments.iOS.csproj", "{B05129CD-0D56-4FF1-800F-51FCD8611F9F}"
EndProject
Project("{FAE04EC0-301F-11D3-BF4B-00C04F79EFBC}") = "ContosoMoments.WinPhone", "Mobile\ContosoMoments\ContosoMoments.WinPhone\ContosoMoments.WinPhone.csproj", "{D2B524E8-338F-4D83-AC73-37FAD854ACF3}"
EndProject
Global
	GlobalSection(SharedMSBuildProjectFiles) = preSolution
		Mobile\ContosoMoments\ContosoMoments\ContosoMoments.projitems*{d2b524e8-338f-4d83-ac73-37fad854acf3}*SharedItemsImports = 4
		Mobile\ContosoMoments\ContosoMoments\ContosoMoments.projitems*{b05129cd-0d56-4ff1-800f-51fcd8611f9f}*SharedItemsImports = 4
		Mobile\ContosoMoments\ContosoMoments\ContosoMoments.projitems*{d1107dee-672e-4fb6-b81e-abc8326fc48b}*SharedItemsImports = 4
		Mobile\ContosoMoments\ContosoMoments\ContosoMoments.projitems*{9adecde0-0a6d-41c3-b0c8-df786035a62b}*SharedItemsImports = 13
	EndGlobalSection
	GlobalSection(SolutionConfigurationPlatforms) = preSolution
		Ad-Hoc|Any CPU = Ad-Hoc|Any CPU
		Ad-Hoc|ARM = Ad-Hoc|ARM
		Ad-Hoc|iPhone = Ad-Hoc|iPhone
		Ad-Hoc|iPhoneSimulator = Ad-Hoc|iPhoneSimulator
		Ad-Hoc|x86 = Ad-Hoc|x86
		AppStore|Any CPU = AppStore|Any CPU
		AppStore|ARM = AppStore|ARM
		AppStore|iPhone = AppStore|iPhone
		AppStore|iPhoneSimulator = AppStore|iPhoneSimulator
		AppStore|x86 = AppStore|x86
		Debug|Any CPU = Debug|Any CPU
		Debug|ARM = Debug|ARM
		Debug|iPhone = Debug|iPhone
		Debug|iPhoneSimulator = Debug|iPhoneSimulator
		Debug|x86 = Debug|x86
		Release|Any CPU = Release|Any CPU
		Release|ARM = Release|ARM
		Release|iPhone = Release|iPhone
		Release|iPhoneSimulator = Release|iPhoneSimulator
		Release|x86 = Release|x86
	EndGlobalSection
	GlobalSection(ProjectConfigurationPlatforms) = postSolution
		{2319A3DF-7025-4A47-A501-12CC0A4CB3C1}.Ad-Hoc|Any CPU.ActiveCfg = Release|Any CPU
		{2319A3DF-7025-4A47-A501-12CC0A4CB3C1}.Ad-Hoc|Any CPU.Build.0 = Release|Any CPU
		{2319A3DF-7025-4A47-A501-12CC0A4CB3C1}.Ad-Hoc|ARM.ActiveCfg = Release|Any CPU
		{2319A3DF-7025-4A47-A501-12CC0A4CB3C1}.Ad-Hoc|ARM.Build.0 = Release|Any CPU
		{2319A3DF-7025-4A47-A501-12CC0A4CB3C1}.Ad-Hoc|iPhone.ActiveCfg = Release|Any CPU
		{2319A3DF-7025-4A47-A501-12CC0A4CB3C1}.Ad-Hoc|iPhone.Build.0 = Release|Any CPU
		{2319A3DF-7025-4A47-A501-12CC0A4CB3C1}.Ad-Hoc|iPhoneSimulator.ActiveCfg = Release|Any CPU
		{2319A3DF-7025-4A47-A501-12CC0A4CB3C1}.Ad-Hoc|iPhoneSimulator.Build.0 = Release|Any CPU
		{2319A3DF-7025-4A47-A501-12CC0A4CB3C1}.Ad-Hoc|x86.ActiveCfg = Release|Any CPU
		{2319A3DF-7025-4A47-A501-12CC0A4CB3C1}.Ad-Hoc|x86.Build.0 = Release|Any CPU
		{2319A3DF-7025-4A47-A501-12CC0A4CB3C1}.AppStore|Any CPU.ActiveCfg = Release|Any CPU
		{2319A3DF-7025-4A47-A501-12CC0A4CB3C1}.AppStore|Any CPU.Build.0 = Release|Any CPU
		{2319A3DF-7025-4A47-A501-12CC0A4CB3C1}.AppStore|ARM.ActiveCfg = Release|Any CPU
		{2319A3DF-7025-4A47-A501-12CC0A4CB3C1}.AppStore|ARM.Build.0 = Release|Any CPU
		{2319A3DF-7025-4A47-A501-12CC0A4CB3C1}.AppStore|iPhone.ActiveCfg = Release|Any CPU
		{2319A3DF-7025-4A47-A501-12CC0A4CB3C1}.AppStore|iPhone.Build.0 = Release|Any CPU
		{2319A3DF-7025-4A47-A501-12CC0A4CB3C1}.AppStore|iPhoneSimulator.ActiveCfg = Release|Any CPU
		{2319A3DF-7025-4A47-A501-12CC0A4CB3C1}.AppStore|iPhoneSimulator.Build.0 = Release|Any CPU
		{2319A3DF-7025-4A47-A501-12CC0A4CB3C1}.AppStore|x86.ActiveCfg = Release|Any CPU
		{2319A3DF-7025-4A47-A501-12CC0A4CB3C1}.AppStore|x86.Build.0 = Release|Any CPU
		{2319A3DF-7025-4A47-A501-12CC0A4CB3C1}.Debug|Any CPU.ActiveCfg = Debug|Any CPU
		{2319A3DF-7025-4A47-A501-12CC0A4CB3C1}.Debug|Any CPU.Build.0 = Debug|Any CPU
		{2319A3DF-7025-4A47-A501-12CC0A4CB3C1}.Debug|ARM.ActiveCfg = Debug|Any CPU
		{2319A3DF-7025-4A47-A501-12CC0A4CB3C1}.Debug|ARM.Build.0 = Debug|Any CPU
		{2319A3DF-7025-4A47-A501-12CC0A4CB3C1}.Debug|iPhone.ActiveCfg = Debug|Any CPU
		{2319A3DF-7025-4A47-A501-12CC0A4CB3C1}.Debug|iPhone.Build.0 = Debug|Any CPU
		{2319A3DF-7025-4A47-A501-12CC0A4CB3C1}.Debug|iPhoneSimulator.ActiveCfg = Debug|Any CPU
		{2319A3DF-7025-4A47-A501-12CC0A4CB3C1}.Debug|iPhoneSimulator.Build.0 = Debug|Any CPU
		{2319A3DF-7025-4A47-A501-12CC0A4CB3C1}.Debug|x86.ActiveCfg = Debug|Any CPU
		{2319A3DF-7025-4A47-A501-12CC0A4CB3C1}.Debug|x86.Build.0 = Debug|Any CPU
		{2319A3DF-7025-4A47-A501-12CC0A4CB3C1}.Release|Any CPU.ActiveCfg = Release|Any CPU
		{2319A3DF-7025-4A47-A501-12CC0A4CB3C1}.Release|Any CPU.Build.0 = Release|Any CPU
		{2319A3DF-7025-4A47-A501-12CC0A4CB3C1}.Release|ARM.ActiveCfg = Release|Any CPU
		{2319A3DF-7025-4A47-A501-12CC0A4CB3C1}.Release|ARM.Build.0 = Release|Any CPU
		{2319A3DF-7025-4A47-A501-12CC0A4CB3C1}.Release|iPhone.ActiveCfg = Release|Any CPU
		{2319A3DF-7025-4A47-A501-12CC0A4CB3C1}.Release|iPhone.Build.0 = Release|Any CPU
		{2319A3DF-7025-4A47-A501-12CC0A4CB3C1}.Release|iPhoneSimulator.ActiveCfg = Release|Any CPU
		{2319A3DF-7025-4A47-A501-12CC0A4CB3C1}.Release|iPhoneSimulator.Build.0 = Release|Any CPU
		{2319A3DF-7025-4A47-A501-12CC0A4CB3C1}.Release|x86.ActiveCfg = Release|Any CPU
		{2319A3DF-7025-4A47-A501-12CC0A4CB3C1}.Release|x86.Build.0 = Release|Any CPU
		{AC7030CB-8F8D-4228-A1DD-7A7399FC89FB}.Ad-Hoc|Any CPU.ActiveCfg = Release|Any CPU
		{AC7030CB-8F8D-4228-A1DD-7A7399FC89FB}.Ad-Hoc|Any CPU.Build.0 = Release|Any CPU
		{AC7030CB-8F8D-4228-A1DD-7A7399FC89FB}.Ad-Hoc|ARM.ActiveCfg = Release|Any CPU
		{AC7030CB-8F8D-4228-A1DD-7A7399FC89FB}.Ad-Hoc|ARM.Build.0 = Release|Any CPU
		{AC7030CB-8F8D-4228-A1DD-7A7399FC89FB}.Ad-Hoc|iPhone.ActiveCfg = Release|Any CPU
		{AC7030CB-8F8D-4228-A1DD-7A7399FC89FB}.Ad-Hoc|iPhone.Build.0 = Release|Any CPU
		{AC7030CB-8F8D-4228-A1DD-7A7399FC89FB}.Ad-Hoc|iPhoneSimulator.ActiveCfg = Release|Any CPU
		{AC7030CB-8F8D-4228-A1DD-7A7399FC89FB}.Ad-Hoc|iPhoneSimulator.Build.0 = Release|Any CPU
		{AC7030CB-8F8D-4228-A1DD-7A7399FC89FB}.Ad-Hoc|x86.ActiveCfg = Release|Any CPU
		{AC7030CB-8F8D-4228-A1DD-7A7399FC89FB}.Ad-Hoc|x86.Build.0 = Release|Any CPU
		{AC7030CB-8F8D-4228-A1DD-7A7399FC89FB}.AppStore|Any CPU.ActiveCfg = Release|Any CPU
		{AC7030CB-8F8D-4228-A1DD-7A7399FC89FB}.AppStore|Any CPU.Build.0 = Release|Any CPU
		{AC7030CB-8F8D-4228-A1DD-7A7399FC89FB}.AppStore|ARM.ActiveCfg = Release|Any CPU
		{AC7030CB-8F8D-4228-A1DD-7A7399FC89FB}.AppStore|ARM.Build.0 = Release|Any CPU
		{AC7030CB-8F8D-4228-A1DD-7A7399FC89FB}.AppStore|iPhone.ActiveCfg = Release|Any CPU
		{AC7030CB-8F8D-4228-A1DD-7A7399FC89FB}.AppStore|iPhone.Build.0 = Release|Any CPU
		{AC7030CB-8F8D-4228-A1DD-7A7399FC89FB}.AppStore|iPhoneSimulator.ActiveCfg = Release|Any CPU
		{AC7030CB-8F8D-4228-A1DD-7A7399FC89FB}.AppStore|iPhoneSimulator.Build.0 = Release|Any CPU
		{AC7030CB-8F8D-4228-A1DD-7A7399FC89FB}.AppStore|x86.ActiveCfg = Release|Any CPU
		{AC7030CB-8F8D-4228-A1DD-7A7399FC89FB}.AppStore|x86.Build.0 = Release|Any CPU
		{AC7030CB-8F8D-4228-A1DD-7A7399FC89FB}.Debug|Any CPU.ActiveCfg = Debug|Any CPU
		{AC7030CB-8F8D-4228-A1DD-7A7399FC89FB}.Debug|Any CPU.Build.0 = Debug|Any CPU
		{AC7030CB-8F8D-4228-A1DD-7A7399FC89FB}.Debug|ARM.ActiveCfg = Debug|Any CPU
		{AC7030CB-8F8D-4228-A1DD-7A7399FC89FB}.Debug|ARM.Build.0 = Debug|Any CPU
		{AC7030CB-8F8D-4228-A1DD-7A7399FC89FB}.Debug|iPhone.ActiveCfg = Debug|Any CPU
		{AC7030CB-8F8D-4228-A1DD-7A7399FC89FB}.Debug|iPhone.Build.0 = Debug|Any CPU
		{AC7030CB-8F8D-4228-A1DD-7A7399FC89FB}.Debug|iPhoneSimulator.ActiveCfg = Debug|Any CPU
		{AC7030CB-8F8D-4228-A1DD-7A7399FC89FB}.Debug|iPhoneSimulator.Build.0 = Debug|Any CPU
		{AC7030CB-8F8D-4228-A1DD-7A7399FC89FB}.Debug|x86.ActiveCfg = Debug|Any CPU
		{AC7030CB-8F8D-4228-A1DD-7A7399FC89FB}.Debug|x86.Build.0 = Debug|Any CPU
		{AC7030CB-8F8D-4228-A1DD-7A7399FC89FB}.Release|Any CPU.ActiveCfg = Release|Any CPU
		{AC7030CB-8F8D-4228-A1DD-7A7399FC89FB}.Release|Any CPU.Build.0 = Release|Any CPU
		{AC7030CB-8F8D-4228-A1DD-7A7399FC89FB}.Release|ARM.ActiveCfg = Release|Any CPU
		{AC7030CB-8F8D-4228-A1DD-7A7399FC89FB}.Release|ARM.Build.0 = Release|Any CPU
		{AC7030CB-8F8D-4228-A1DD-7A7399FC89FB}.Release|iPhone.ActiveCfg = Release|Any CPU
		{AC7030CB-8F8D-4228-A1DD-7A7399FC89FB}.Release|iPhone.Build.0 = Release|Any CPU
		{AC7030CB-8F8D-4228-A1DD-7A7399FC89FB}.Release|iPhoneSimulator.ActiveCfg = Release|Any CPU
		{AC7030CB-8F8D-4228-A1DD-7A7399FC89FB}.Release|iPhoneSimulator.Build.0 = Release|Any CPU
		{AC7030CB-8F8D-4228-A1DD-7A7399FC89FB}.Release|x86.ActiveCfg = Release|Any CPU
		{AC7030CB-8F8D-4228-A1DD-7A7399FC89FB}.Release|x86.Build.0 = Release|Any CPU
		{C2C4991B-5A0C-4DA4-9A80-2D2C89A95DCE}.Ad-Hoc|Any CPU.ActiveCfg = Release|Any CPU
		{C2C4991B-5A0C-4DA4-9A80-2D2C89A95DCE}.Ad-Hoc|Any CPU.Build.0 = Release|Any CPU
		{C2C4991B-5A0C-4DA4-9A80-2D2C89A95DCE}.Ad-Hoc|ARM.ActiveCfg = Release|Any CPU
		{C2C4991B-5A0C-4DA4-9A80-2D2C89A95DCE}.Ad-Hoc|ARM.Build.0 = Release|Any CPU
		{C2C4991B-5A0C-4DA4-9A80-2D2C89A95DCE}.Ad-Hoc|iPhone.ActiveCfg = Release|Any CPU
		{C2C4991B-5A0C-4DA4-9A80-2D2C89A95DCE}.Ad-Hoc|iPhone.Build.0 = Release|Any CPU
		{C2C4991B-5A0C-4DA4-9A80-2D2C89A95DCE}.Ad-Hoc|iPhoneSimulator.ActiveCfg = Release|Any CPU
		{C2C4991B-5A0C-4DA4-9A80-2D2C89A95DCE}.Ad-Hoc|iPhoneSimulator.Build.0 = Release|Any CPU
		{C2C4991B-5A0C-4DA4-9A80-2D2C89A95DCE}.Ad-Hoc|x86.ActiveCfg = Release|Any CPU
		{C2C4991B-5A0C-4DA4-9A80-2D2C89A95DCE}.Ad-Hoc|x86.Build.0 = Release|Any CPU
		{C2C4991B-5A0C-4DA4-9A80-2D2C89A95DCE}.AppStore|Any CPU.ActiveCfg = Release|Any CPU
		{C2C4991B-5A0C-4DA4-9A80-2D2C89A95DCE}.AppStore|Any CPU.Build.0 = Release|Any CPU
		{C2C4991B-5A0C-4DA4-9A80-2D2C89A95DCE}.AppStore|ARM.ActiveCfg = Release|Any CPU
		{C2C4991B-5A0C-4DA4-9A80-2D2C89A95DCE}.AppStore|ARM.Build.0 = Release|Any CPU
		{C2C4991B-5A0C-4DA4-9A80-2D2C89A95DCE}.AppStore|iPhone.ActiveCfg = Release|Any CPU
		{C2C4991B-5A0C-4DA4-9A80-2D2C89A95DCE}.AppStore|iPhone.Build.0 = Release|Any CPU
		{C2C4991B-5A0C-4DA4-9A80-2D2C89A95DCE}.AppStore|iPhoneSimulator.ActiveCfg = Release|Any CPU
		{C2C4991B-5A0C-4DA4-9A80-2D2C89A95DCE}.AppStore|iPhoneSimulator.Build.0 = Release|Any CPU
		{C2C4991B-5A0C-4DA4-9A80-2D2C89A95DCE}.AppStore|x86.ActiveCfg = Release|Any CPU
		{C2C4991B-5A0C-4DA4-9A80-2D2C89A95DCE}.AppStore|x86.Build.0 = Release|Any CPU
		{C2C4991B-5A0C-4DA4-9A80-2D2C89A95DCE}.Debug|Any CPU.ActiveCfg = Debug|Any CPU
		{C2C4991B-5A0C-4DA4-9A80-2D2C89A95DCE}.Debug|Any CPU.Build.0 = Debug|Any CPU
		{C2C4991B-5A0C-4DA4-9A80-2D2C89A95DCE}.Debug|ARM.ActiveCfg = Debug|Any CPU
		{C2C4991B-5A0C-4DA4-9A80-2D2C89A95DCE}.Debug|ARM.Build.0 = Debug|Any CPU
		{C2C4991B-5A0C-4DA4-9A80-2D2C89A95DCE}.Debug|iPhone.ActiveCfg = Debug|Any CPU
		{C2C4991B-5A0C-4DA4-9A80-2D2C89A95DCE}.Debug|iPhone.Build.0 = Debug|Any CPU
		{C2C4991B-5A0C-4DA4-9A80-2D2C89A95DCE}.Debug|iPhoneSimulator.ActiveCfg = Debug|Any CPU
		{C2C4991B-5A0C-4DA4-9A80-2D2C89A95DCE}.Debug|iPhoneSimulator.Build.0 = Debug|Any CPU
		{C2C4991B-5A0C-4DA4-9A80-2D2C89A95DCE}.Debug|x86.ActiveCfg = Debug|Any CPU
		{C2C4991B-5A0C-4DA4-9A80-2D2C89A95DCE}.Debug|x86.Build.0 = Debug|Any CPU
		{C2C4991B-5A0C-4DA4-9A80-2D2C89A95DCE}.Release|Any CPU.ActiveCfg = Release|Any CPU
		{C2C4991B-5A0C-4DA4-9A80-2D2C89A95DCE}.Release|Any CPU.Build.0 = Release|Any CPU
		{C2C4991B-5A0C-4DA4-9A80-2D2C89A95DCE}.Release|ARM.ActiveCfg = Release|Any CPU
		{C2C4991B-5A0C-4DA4-9A80-2D2C89A95DCE}.Release|ARM.Build.0 = Release|Any CPU
		{C2C4991B-5A0C-4DA4-9A80-2D2C89A95DCE}.Release|iPhone.ActiveCfg = Release|Any CPU
		{C2C4991B-5A0C-4DA4-9A80-2D2C89A95DCE}.Release|iPhone.Build.0 = Release|Any CPU
		{C2C4991B-5A0C-4DA4-9A80-2D2C89A95DCE}.Release|iPhoneSimulator.ActiveCfg = Release|Any CPU
		{C2C4991B-5A0C-4DA4-9A80-2D2C89A95DCE}.Release|iPhoneSimulator.Build.0 = Release|Any CPU
		{C2C4991B-5A0C-4DA4-9A80-2D2C89A95DCE}.Release|x86.ActiveCfg = Release|Any CPU
		{C2C4991B-5A0C-4DA4-9A80-2D2C89A95DCE}.Release|x86.Build.0 = Release|Any CPU
		{5BD5C5FB-23F4-464B-859C-A01223805C83}.Ad-Hoc|Any CPU.ActiveCfg = Release|Any CPU
		{5BD5C5FB-23F4-464B-859C-A01223805C83}.Ad-Hoc|Any CPU.Build.0 = Release|Any CPU
		{5BD5C5FB-23F4-464B-859C-A01223805C83}.Ad-Hoc|ARM.ActiveCfg = Release|Any CPU
		{5BD5C5FB-23F4-464B-859C-A01223805C83}.Ad-Hoc|ARM.Build.0 = Release|Any CPU
		{5BD5C5FB-23F4-464B-859C-A01223805C83}.Ad-Hoc|iPhone.ActiveCfg = Release|Any CPU
		{5BD5C5FB-23F4-464B-859C-A01223805C83}.Ad-Hoc|iPhone.Build.0 = Release|Any CPU
		{5BD5C5FB-23F4-464B-859C-A01223805C83}.Ad-Hoc|iPhoneSimulator.ActiveCfg = Release|Any CPU
		{5BD5C5FB-23F4-464B-859C-A01223805C83}.Ad-Hoc|iPhoneSimulator.Build.0 = Release|Any CPU
		{5BD5C5FB-23F4-464B-859C-A01223805C83}.Ad-Hoc|x86.ActiveCfg = Release|Any CPU
		{5BD5C5FB-23F4-464B-859C-A01223805C83}.Ad-Hoc|x86.Build.0 = Release|Any CPU
		{5BD5C5FB-23F4-464B-859C-A01223805C83}.AppStore|Any CPU.ActiveCfg = Release|Any CPU
		{5BD5C5FB-23F4-464B-859C-A01223805C83}.AppStore|Any CPU.Build.0 = Release|Any CPU
		{5BD5C5FB-23F4-464B-859C-A01223805C83}.AppStore|ARM.ActiveCfg = Release|Any CPU
		{5BD5C5FB-23F4-464B-859C-A01223805C83}.AppStore|ARM.Build.0 = Release|Any CPU
		{5BD5C5FB-23F4-464B-859C-A01223805C83}.AppStore|iPhone.ActiveCfg = Release|Any CPU
		{5BD5C5FB-23F4-464B-859C-A01223805C83}.AppStore|iPhone.Build.0 = Release|Any CPU
		{5BD5C5FB-23F4-464B-859C-A01223805C83}.AppStore|iPhoneSimulator.ActiveCfg = Release|Any CPU
		{5BD5C5FB-23F4-464B-859C-A01223805C83}.AppStore|iPhoneSimulator.Build.0 = Release|Any CPU
		{5BD5C5FB-23F4-464B-859C-A01223805C83}.AppStore|x86.ActiveCfg = Release|Any CPU
		{5BD5C5FB-23F4-464B-859C-A01223805C83}.AppStore|x86.Build.0 = Release|Any CPU
		{5BD5C5FB-23F4-464B-859C-A01223805C83}.Debug|Any CPU.ActiveCfg = Debug|Any CPU
		{5BD5C5FB-23F4-464B-859C-A01223805C83}.Debug|Any CPU.Build.0 = Debug|Any CPU
		{5BD5C5FB-23F4-464B-859C-A01223805C83}.Debug|ARM.ActiveCfg = Debug|Any CPU
		{5BD5C5FB-23F4-464B-859C-A01223805C83}.Debug|ARM.Build.0 = Debug|Any CPU
		{5BD5C5FB-23F4-464B-859C-A01223805C83}.Debug|iPhone.ActiveCfg = Debug|Any CPU
		{5BD5C5FB-23F4-464B-859C-A01223805C83}.Debug|iPhone.Build.0 = Debug|Any CPU
		{5BD5C5FB-23F4-464B-859C-A01223805C83}.Debug|iPhoneSimulator.ActiveCfg = Debug|Any CPU
		{5BD5C5FB-23F4-464B-859C-A01223805C83}.Debug|iPhoneSimulator.Build.0 = Debug|Any CPU
		{5BD5C5FB-23F4-464B-859C-A01223805C83}.Debug|x86.ActiveCfg = Debug|Any CPU
		{5BD5C5FB-23F4-464B-859C-A01223805C83}.Debug|x86.Build.0 = Debug|Any CPU
		{5BD5C5FB-23F4-464B-859C-A01223805C83}.Release|Any CPU.ActiveCfg = Release|Any CPU
		{5BD5C5FB-23F4-464B-859C-A01223805C83}.Release|Any CPU.Build.0 = Release|Any CPU
		{5BD5C5FB-23F4-464B-859C-A01223805C83}.Release|ARM.ActiveCfg = Release|Any CPU
		{5BD5C5FB-23F4-464B-859C-A01223805C83}.Release|ARM.Build.0 = Release|Any CPU
		{5BD5C5FB-23F4-464B-859C-A01223805C83}.Release|iPhone.ActiveCfg = Release|Any CPU
		{5BD5C5FB-23F4-464B-859C-A01223805C83}.Release|iPhone.Build.0 = Release|Any CPU
		{5BD5C5FB-23F4-464B-859C-A01223805C83}.Release|iPhoneSimulator.ActiveCfg = Release|Any CPU
		{5BD5C5FB-23F4-464B-859C-A01223805C83}.Release|iPhoneSimulator.Build.0 = Release|Any CPU
		{5BD5C5FB-23F4-464B-859C-A01223805C83}.Release|x86.ActiveCfg = Release|Any CPU
		{5BD5C5FB-23F4-464B-859C-A01223805C83}.Release|x86.Build.0 = Release|Any CPU
		{3BD379FC-AFB2-4ABB-A84A-92B4B3D00EAB}.Ad-Hoc|Any CPU.ActiveCfg = Release|Any CPU
		{3BD379FC-AFB2-4ABB-A84A-92B4B3D00EAB}.Ad-Hoc|Any CPU.Build.0 = Release|Any CPU
		{3BD379FC-AFB2-4ABB-A84A-92B4B3D00EAB}.Ad-Hoc|ARM.ActiveCfg = Release|Any CPU
		{3BD379FC-AFB2-4ABB-A84A-92B4B3D00EAB}.Ad-Hoc|ARM.Build.0 = Release|Any CPU
		{3BD379FC-AFB2-4ABB-A84A-92B4B3D00EAB}.Ad-Hoc|iPhone.ActiveCfg = Release|Any CPU
		{3BD379FC-AFB2-4ABB-A84A-92B4B3D00EAB}.Ad-Hoc|iPhone.Build.0 = Release|Any CPU
		{3BD379FC-AFB2-4ABB-A84A-92B4B3D00EAB}.Ad-Hoc|iPhoneSimulator.ActiveCfg = Release|Any CPU
		{3BD379FC-AFB2-4ABB-A84A-92B4B3D00EAB}.Ad-Hoc|iPhoneSimulator.Build.0 = Release|Any CPU
		{3BD379FC-AFB2-4ABB-A84A-92B4B3D00EAB}.Ad-Hoc|x86.ActiveCfg = Release|Any CPU
		{3BD379FC-AFB2-4ABB-A84A-92B4B3D00EAB}.Ad-Hoc|x86.Build.0 = Release|Any CPU
		{3BD379FC-AFB2-4ABB-A84A-92B4B3D00EAB}.AppStore|Any CPU.ActiveCfg = Release|Any CPU
		{3BD379FC-AFB2-4ABB-A84A-92B4B3D00EAB}.AppStore|Any CPU.Build.0 = Release|Any CPU
		{3BD379FC-AFB2-4ABB-A84A-92B4B3D00EAB}.AppStore|ARM.ActiveCfg = Release|Any CPU
		{3BD379FC-AFB2-4ABB-A84A-92B4B3D00EAB}.AppStore|ARM.Build.0 = Release|Any CPU
		{3BD379FC-AFB2-4ABB-A84A-92B4B3D00EAB}.AppStore|iPhone.ActiveCfg = Release|Any CPU
		{3BD379FC-AFB2-4ABB-A84A-92B4B3D00EAB}.AppStore|iPhone.Build.0 = Release|Any CPU
		{3BD379FC-AFB2-4ABB-A84A-92B4B3D00EAB}.AppStore|iPhoneSimulator.ActiveCfg = Release|Any CPU
		{3BD379FC-AFB2-4ABB-A84A-92B4B3D00EAB}.AppStore|iPhoneSimulator.Build.0 = Release|Any CPU
		{3BD379FC-AFB2-4ABB-A84A-92B4B3D00EAB}.AppStore|x86.ActiveCfg = Release|Any CPU
		{3BD379FC-AFB2-4ABB-A84A-92B4B3D00EAB}.AppStore|x86.Build.0 = Release|Any CPU
		{3BD379FC-AFB2-4ABB-A84A-92B4B3D00EAB}.Debug|Any CPU.ActiveCfg = Debug|Any CPU
		{3BD379FC-AFB2-4ABB-A84A-92B4B3D00EAB}.Debug|Any CPU.Build.0 = Debug|Any CPU
		{3BD379FC-AFB2-4ABB-A84A-92B4B3D00EAB}.Debug|ARM.ActiveCfg = Debug|Any CPU
		{3BD379FC-AFB2-4ABB-A84A-92B4B3D00EAB}.Debug|ARM.Build.0 = Debug|Any CPU
		{3BD379FC-AFB2-4ABB-A84A-92B4B3D00EAB}.Debug|iPhone.ActiveCfg = Debug|Any CPU
		{3BD379FC-AFB2-4ABB-A84A-92B4B3D00EAB}.Debug|iPhone.Build.0 = Debug|Any CPU
		{3BD379FC-AFB2-4ABB-A84A-92B4B3D00EAB}.Debug|iPhoneSimulator.ActiveCfg = Debug|Any CPU
		{3BD379FC-AFB2-4ABB-A84A-92B4B3D00EAB}.Debug|iPhoneSimulator.Build.0 = Debug|Any CPU
		{3BD379FC-AFB2-4ABB-A84A-92B4B3D00EAB}.Debug|x86.ActiveCfg = Debug|Any CPU
		{3BD379FC-AFB2-4ABB-A84A-92B4B3D00EAB}.Debug|x86.Build.0 = Debug|Any CPU
		{3BD379FC-AFB2-4ABB-A84A-92B4B3D00EAB}.Release|Any CPU.ActiveCfg = Release|Any CPU
		{3BD379FC-AFB2-4ABB-A84A-92B4B3D00EAB}.Release|Any CPU.Build.0 = Release|Any CPU
		{3BD379FC-AFB2-4ABB-A84A-92B4B3D00EAB}.Release|ARM.ActiveCfg = Release|Any CPU
		{3BD379FC-AFB2-4ABB-A84A-92B4B3D00EAB}.Release|ARM.Build.0 = Release|Any CPU
		{3BD379FC-AFB2-4ABB-A84A-92B4B3D00EAB}.Release|iPhone.ActiveCfg = Release|Any CPU
		{3BD379FC-AFB2-4ABB-A84A-92B4B3D00EAB}.Release|iPhone.Build.0 = Release|Any CPU
		{3BD379FC-AFB2-4ABB-A84A-92B4B3D00EAB}.Release|iPhoneSimulator.ActiveCfg = Release|Any CPU
		{3BD379FC-AFB2-4ABB-A84A-92B4B3D00EAB}.Release|iPhoneSimulator.Build.0 = Release|Any CPU
		{3BD379FC-AFB2-4ABB-A84A-92B4B3D00EAB}.Release|x86.ActiveCfg = Release|Any CPU
		{3BD379FC-AFB2-4ABB-A84A-92B4B3D00EAB}.Release|x86.Build.0 = Release|Any CPU
		{B96FF9B9-03CB-48A9-8E02-450FB649D9ED}.Ad-Hoc|Any CPU.ActiveCfg = Release|Any CPU
		{B96FF9B9-03CB-48A9-8E02-450FB649D9ED}.Ad-Hoc|Any CPU.Build.0 = Release|Any CPU
		{B96FF9B9-03CB-48A9-8E02-450FB649D9ED}.Ad-Hoc|ARM.ActiveCfg = Release|Any CPU
		{B96FF9B9-03CB-48A9-8E02-450FB649D9ED}.Ad-Hoc|ARM.Build.0 = Release|Any CPU
		{B96FF9B9-03CB-48A9-8E02-450FB649D9ED}.Ad-Hoc|iPhone.ActiveCfg = Release|Any CPU
		{B96FF9B9-03CB-48A9-8E02-450FB649D9ED}.Ad-Hoc|iPhone.Build.0 = Release|Any CPU
		{B96FF9B9-03CB-48A9-8E02-450FB649D9ED}.Ad-Hoc|iPhoneSimulator.ActiveCfg = Release|Any CPU
		{B96FF9B9-03CB-48A9-8E02-450FB649D9ED}.Ad-Hoc|iPhoneSimulator.Build.0 = Release|Any CPU
		{B96FF9B9-03CB-48A9-8E02-450FB649D9ED}.Ad-Hoc|x86.ActiveCfg = Release|Any CPU
		{B96FF9B9-03CB-48A9-8E02-450FB649D9ED}.Ad-Hoc|x86.Build.0 = Release|Any CPU
		{B96FF9B9-03CB-48A9-8E02-450FB649D9ED}.AppStore|Any CPU.ActiveCfg = Release|Any CPU
		{B96FF9B9-03CB-48A9-8E02-450FB649D9ED}.AppStore|Any CPU.Build.0 = Release|Any CPU
		{B96FF9B9-03CB-48A9-8E02-450FB649D9ED}.AppStore|ARM.ActiveCfg = Release|Any CPU
		{B96FF9B9-03CB-48A9-8E02-450FB649D9ED}.AppStore|ARM.Build.0 = Release|Any CPU
		{B96FF9B9-03CB-48A9-8E02-450FB649D9ED}.AppStore|iPhone.ActiveCfg = Release|Any CPU
		{B96FF9B9-03CB-48A9-8E02-450FB649D9ED}.AppStore|iPhone.Build.0 = Release|Any CPU
		{B96FF9B9-03CB-48A9-8E02-450FB649D9ED}.AppStore|iPhoneSimulator.ActiveCfg = Release|Any CPU
		{B96FF9B9-03CB-48A9-8E02-450FB649D9ED}.AppStore|iPhoneSimulator.Build.0 = Release|Any CPU
		{B96FF9B9-03CB-48A9-8E02-450FB649D9ED}.AppStore|x86.ActiveCfg = Release|Any CPU
		{B96FF9B9-03CB-48A9-8E02-450FB649D9ED}.AppStore|x86.Build.0 = Release|Any CPU
		{B96FF9B9-03CB-48A9-8E02-450FB649D9ED}.Debug|Any CPU.ActiveCfg = Debug|Any CPU
		{B96FF9B9-03CB-48A9-8E02-450FB649D9ED}.Debug|Any CPU.Build.0 = Debug|Any CPU
		{B96FF9B9-03CB-48A9-8E02-450FB649D9ED}.Debug|Any CPU.Deploy.0 = Debug|Any CPU
		{B96FF9B9-03CB-48A9-8E02-450FB649D9ED}.Debug|ARM.ActiveCfg = Debug|Any CPU
		{B96FF9B9-03CB-48A9-8E02-450FB649D9ED}.Debug|ARM.Build.0 = Debug|Any CPU
		{B96FF9B9-03CB-48A9-8E02-450FB649D9ED}.Debug|iPhone.ActiveCfg = Debug|Any CPU
		{B96FF9B9-03CB-48A9-8E02-450FB649D9ED}.Debug|iPhone.Build.0 = Debug|Any CPU
		{B96FF9B9-03CB-48A9-8E02-450FB649D9ED}.Debug|iPhoneSimulator.ActiveCfg = Debug|Any CPU
		{B96FF9B9-03CB-48A9-8E02-450FB649D9ED}.Debug|iPhoneSimulator.Build.0 = Debug|Any CPU
		{B96FF9B9-03CB-48A9-8E02-450FB649D9ED}.Debug|x86.ActiveCfg = Debug|Any CPU
		{B96FF9B9-03CB-48A9-8E02-450FB649D9ED}.Debug|x86.Build.0 = Debug|Any CPU
		{B96FF9B9-03CB-48A9-8E02-450FB649D9ED}.Release|Any CPU.ActiveCfg = Release|Any CPU
		{B96FF9B9-03CB-48A9-8E02-450FB649D9ED}.Release|Any CPU.Build.0 = Release|Any CPU
		{B96FF9B9-03CB-48A9-8E02-450FB649D9ED}.Release|ARM.ActiveCfg = Release|Any CPU
		{B96FF9B9-03CB-48A9-8E02-450FB649D9ED}.Release|ARM.Build.0 = Release|Any CPU
		{B96FF9B9-03CB-48A9-8E02-450FB649D9ED}.Release|iPhone.ActiveCfg = Release|Any CPU
		{B96FF9B9-03CB-48A9-8E02-450FB649D9ED}.Release|iPhone.Build.0 = Release|Any CPU
		{B96FF9B9-03CB-48A9-8E02-450FB649D9ED}.Release|iPhoneSimulator.ActiveCfg = Release|Any CPU
		{B96FF9B9-03CB-48A9-8E02-450FB649D9ED}.Release|iPhoneSimulator.Build.0 = Release|Any CPU
		{B96FF9B9-03CB-48A9-8E02-450FB649D9ED}.Release|x86.ActiveCfg = Release|Any CPU
		{B96FF9B9-03CB-48A9-8E02-450FB649D9ED}.Release|x86.Build.0 = Release|Any CPU
		{85167A48-E708-4EEB-A65C-8225CD8B1F22}.Ad-Hoc|Any CPU.ActiveCfg = Release|Any CPU
		{85167A48-E708-4EEB-A65C-8225CD8B1F22}.Ad-Hoc|Any CPU.Build.0 = Release|Any CPU
		{85167A48-E708-4EEB-A65C-8225CD8B1F22}.Ad-Hoc|ARM.ActiveCfg = Release|Any CPU
		{85167A48-E708-4EEB-A65C-8225CD8B1F22}.Ad-Hoc|ARM.Build.0 = Release|Any CPU
		{85167A48-E708-4EEB-A65C-8225CD8B1F22}.Ad-Hoc|iPhone.ActiveCfg = Release|Any CPU
		{85167A48-E708-4EEB-A65C-8225CD8B1F22}.Ad-Hoc|iPhone.Build.0 = Release|Any CPU
		{85167A48-E708-4EEB-A65C-8225CD8B1F22}.Ad-Hoc|iPhoneSimulator.ActiveCfg = Release|Any CPU
		{85167A48-E708-4EEB-A65C-8225CD8B1F22}.Ad-Hoc|iPhoneSimulator.Build.0 = Release|Any CPU
		{85167A48-E708-4EEB-A65C-8225CD8B1F22}.Ad-Hoc|x86.ActiveCfg = Release|Any CPU
		{85167A48-E708-4EEB-A65C-8225CD8B1F22}.Ad-Hoc|x86.Build.0 = Release|Any CPU
		{85167A48-E708-4EEB-A65C-8225CD8B1F22}.AppStore|Any CPU.ActiveCfg = Release|Any CPU
		{85167A48-E708-4EEB-A65C-8225CD8B1F22}.AppStore|Any CPU.Build.0 = Release|Any CPU
		{85167A48-E708-4EEB-A65C-8225CD8B1F22}.AppStore|ARM.ActiveCfg = Release|Any CPU
		{85167A48-E708-4EEB-A65C-8225CD8B1F22}.AppStore|ARM.Build.0 = Release|Any CPU
		{85167A48-E708-4EEB-A65C-8225CD8B1F22}.AppStore|iPhone.ActiveCfg = Release|Any CPU
		{85167A48-E708-4EEB-A65C-8225CD8B1F22}.AppStore|iPhone.Build.0 = Release|Any CPU
		{85167A48-E708-4EEB-A65C-8225CD8B1F22}.AppStore|iPhoneSimulator.ActiveCfg = Release|Any CPU
		{85167A48-E708-4EEB-A65C-8225CD8B1F22}.AppStore|iPhoneSimulator.Build.0 = Release|Any CPU
		{85167A48-E708-4EEB-A65C-8225CD8B1F22}.AppStore|x86.ActiveCfg = Release|Any CPU
		{85167A48-E708-4EEB-A65C-8225CD8B1F22}.AppStore|x86.Build.0 = Release|Any CPU
		{85167A48-E708-4EEB-A65C-8225CD8B1F22}.Debug|Any CPU.ActiveCfg = Debug|Any CPU
		{85167A48-E708-4EEB-A65C-8225CD8B1F22}.Debug|Any CPU.Build.0 = Debug|Any CPU
		{85167A48-E708-4EEB-A65C-8225CD8B1F22}.Debug|ARM.ActiveCfg = Debug|Any CPU
		{85167A48-E708-4EEB-A65C-8225CD8B1F22}.Debug|ARM.Build.0 = Debug|Any CPU
		{85167A48-E708-4EEB-A65C-8225CD8B1F22}.Debug|iPhone.ActiveCfg = Debug|Any CPU
		{85167A48-E708-4EEB-A65C-8225CD8B1F22}.Debug|iPhone.Build.0 = Debug|Any CPU
		{85167A48-E708-4EEB-A65C-8225CD8B1F22}.Debug|iPhoneSimulator.ActiveCfg = Debug|Any CPU
		{85167A48-E708-4EEB-A65C-8225CD8B1F22}.Debug|iPhoneSimulator.Build.0 = Debug|Any CPU
		{85167A48-E708-4EEB-A65C-8225CD8B1F22}.Debug|x86.ActiveCfg = Debug|Any CPU
		{85167A48-E708-4EEB-A65C-8225CD8B1F22}.Debug|x86.Build.0 = Debug|Any CPU
		{85167A48-E708-4EEB-A65C-8225CD8B1F22}.Release|Any CPU.ActiveCfg = Release|Any CPU
		{85167A48-E708-4EEB-A65C-8225CD8B1F22}.Release|Any CPU.Build.0 = Release|Any CPU
		{85167A48-E708-4EEB-A65C-8225CD8B1F22}.Release|ARM.ActiveCfg = Release|Any CPU
		{85167A48-E708-4EEB-A65C-8225CD8B1F22}.Release|ARM.Build.0 = Release|Any CPU
		{85167A48-E708-4EEB-A65C-8225CD8B1F22}.Release|iPhone.ActiveCfg = Release|Any CPU
		{85167A48-E708-4EEB-A65C-8225CD8B1F22}.Release|iPhone.Build.0 = Release|Any CPU
		{85167A48-E708-4EEB-A65C-8225CD8B1F22}.Release|iPhoneSimulator.ActiveCfg = Release|Any CPU
		{85167A48-E708-4EEB-A65C-8225CD8B1F22}.Release|iPhoneSimulator.Build.0 = Release|Any CPU
		{85167A48-E708-4EEB-A65C-8225CD8B1F22}.Release|x86.ActiveCfg = Release|Any CPU
		{85167A48-E708-4EEB-A65C-8225CD8B1F22}.Release|x86.Build.0 = Release|Any CPU
		{D1107DEE-672E-4FB6-B81E-ABC8326FC48B}.Ad-Hoc|Any CPU.ActiveCfg = Release|Any CPU
		{D1107DEE-672E-4FB6-B81E-ABC8326FC48B}.Ad-Hoc|Any CPU.Build.0 = Release|Any CPU
		{D1107DEE-672E-4FB6-B81E-ABC8326FC48B}.Ad-Hoc|Any CPU.Deploy.0 = Release|Any CPU
		{D1107DEE-672E-4FB6-B81E-ABC8326FC48B}.Ad-Hoc|ARM.ActiveCfg = Release|Any CPU
		{D1107DEE-672E-4FB6-B81E-ABC8326FC48B}.Ad-Hoc|ARM.Build.0 = Release|Any CPU
		{D1107DEE-672E-4FB6-B81E-ABC8326FC48B}.Ad-Hoc|ARM.Deploy.0 = Release|Any CPU
		{D1107DEE-672E-4FB6-B81E-ABC8326FC48B}.Ad-Hoc|iPhone.ActiveCfg = Release|Any CPU
		{D1107DEE-672E-4FB6-B81E-ABC8326FC48B}.Ad-Hoc|iPhone.Build.0 = Release|Any CPU
		{D1107DEE-672E-4FB6-B81E-ABC8326FC48B}.Ad-Hoc|iPhone.Deploy.0 = Release|Any CPU
		{D1107DEE-672E-4FB6-B81E-ABC8326FC48B}.Ad-Hoc|iPhoneSimulator.ActiveCfg = Release|Any CPU
		{D1107DEE-672E-4FB6-B81E-ABC8326FC48B}.Ad-Hoc|iPhoneSimulator.Build.0 = Release|Any CPU
		{D1107DEE-672E-4FB6-B81E-ABC8326FC48B}.Ad-Hoc|iPhoneSimulator.Deploy.0 = Release|Any CPU
		{D1107DEE-672E-4FB6-B81E-ABC8326FC48B}.Ad-Hoc|x86.ActiveCfg = Release|Any CPU
		{D1107DEE-672E-4FB6-B81E-ABC8326FC48B}.Ad-Hoc|x86.Build.0 = Release|Any CPU
		{D1107DEE-672E-4FB6-B81E-ABC8326FC48B}.Ad-Hoc|x86.Deploy.0 = Release|Any CPU
		{D1107DEE-672E-4FB6-B81E-ABC8326FC48B}.AppStore|Any CPU.ActiveCfg = Release|Any CPU
		{D1107DEE-672E-4FB6-B81E-ABC8326FC48B}.AppStore|Any CPU.Build.0 = Release|Any CPU
		{D1107DEE-672E-4FB6-B81E-ABC8326FC48B}.AppStore|Any CPU.Deploy.0 = Release|Any CPU
		{D1107DEE-672E-4FB6-B81E-ABC8326FC48B}.AppStore|ARM.ActiveCfg = Release|Any CPU
		{D1107DEE-672E-4FB6-B81E-ABC8326FC48B}.AppStore|ARM.Build.0 = Release|Any CPU
		{D1107DEE-672E-4FB6-B81E-ABC8326FC48B}.AppStore|ARM.Deploy.0 = Release|Any CPU
		{D1107DEE-672E-4FB6-B81E-ABC8326FC48B}.AppStore|iPhone.ActiveCfg = Release|Any CPU
		{D1107DEE-672E-4FB6-B81E-ABC8326FC48B}.AppStore|iPhone.Build.0 = Release|Any CPU
		{D1107DEE-672E-4FB6-B81E-ABC8326FC48B}.AppStore|iPhone.Deploy.0 = Release|Any CPU
		{D1107DEE-672E-4FB6-B81E-ABC8326FC48B}.AppStore|iPhoneSimulator.ActiveCfg = Release|Any CPU
		{D1107DEE-672E-4FB6-B81E-ABC8326FC48B}.AppStore|iPhoneSimulator.Build.0 = Release|Any CPU
		{D1107DEE-672E-4FB6-B81E-ABC8326FC48B}.AppStore|iPhoneSimulator.Deploy.0 = Release|Any CPU
		{D1107DEE-672E-4FB6-B81E-ABC8326FC48B}.AppStore|x86.ActiveCfg = Release|Any CPU
		{D1107DEE-672E-4FB6-B81E-ABC8326FC48B}.AppStore|x86.Build.0 = Release|Any CPU
		{D1107DEE-672E-4FB6-B81E-ABC8326FC48B}.AppStore|x86.Deploy.0 = Release|Any CPU
		{D1107DEE-672E-4FB6-B81E-ABC8326FC48B}.Debug|Any CPU.ActiveCfg = Debug|Any CPU
		{D1107DEE-672E-4FB6-B81E-ABC8326FC48B}.Debug|Any CPU.Build.0 = Debug|Any CPU
		{D1107DEE-672E-4FB6-B81E-ABC8326FC48B}.Debug|Any CPU.Deploy.0 = Debug|Any CPU
		{D1107DEE-672E-4FB6-B81E-ABC8326FC48B}.Debug|ARM.ActiveCfg = Debug|Any CPU
		{D1107DEE-672E-4FB6-B81E-ABC8326FC48B}.Debug|ARM.Build.0 = Debug|Any CPU
		{D1107DEE-672E-4FB6-B81E-ABC8326FC48B}.Debug|ARM.Deploy.0 = Debug|Any CPU
		{D1107DEE-672E-4FB6-B81E-ABC8326FC48B}.Debug|iPhone.ActiveCfg = Debug|Any CPU
		{D1107DEE-672E-4FB6-B81E-ABC8326FC48B}.Debug|iPhone.Build.0 = Debug|Any CPU
		{D1107DEE-672E-4FB6-B81E-ABC8326FC48B}.Debug|iPhone.Deploy.0 = Debug|Any CPU
		{D1107DEE-672E-4FB6-B81E-ABC8326FC48B}.Debug|iPhoneSimulator.ActiveCfg = Debug|Any CPU
		{D1107DEE-672E-4FB6-B81E-ABC8326FC48B}.Debug|iPhoneSimulator.Build.0 = Debug|Any CPU
		{D1107DEE-672E-4FB6-B81E-ABC8326FC48B}.Debug|iPhoneSimulator.Deploy.0 = Debug|Any CPU
		{D1107DEE-672E-4FB6-B81E-ABC8326FC48B}.Debug|x86.ActiveCfg = Debug|Any CPU
		{D1107DEE-672E-4FB6-B81E-ABC8326FC48B}.Debug|x86.Build.0 = Debug|Any CPU
		{D1107DEE-672E-4FB6-B81E-ABC8326FC48B}.Debug|x86.Deploy.0 = Debug|Any CPU
		{D1107DEE-672E-4FB6-B81E-ABC8326FC48B}.Release|Any CPU.ActiveCfg = Release|Any CPU
		{D1107DEE-672E-4FB6-B81E-ABC8326FC48B}.Release|Any CPU.Build.0 = Release|Any CPU
		{D1107DEE-672E-4FB6-B81E-ABC8326FC48B}.Release|Any CPU.Deploy.0 = Release|Any CPU
		{D1107DEE-672E-4FB6-B81E-ABC8326FC48B}.Release|ARM.ActiveCfg = Release|Any CPU
		{D1107DEE-672E-4FB6-B81E-ABC8326FC48B}.Release|ARM.Build.0 = Release|Any CPU
		{D1107DEE-672E-4FB6-B81E-ABC8326FC48B}.Release|ARM.Deploy.0 = Release|Any CPU
		{D1107DEE-672E-4FB6-B81E-ABC8326FC48B}.Release|iPhone.ActiveCfg = Release|Any CPU
		{D1107DEE-672E-4FB6-B81E-ABC8326FC48B}.Release|iPhone.Build.0 = Release|Any CPU
		{D1107DEE-672E-4FB6-B81E-ABC8326FC48B}.Release|iPhone.Deploy.0 = Release|Any CPU
		{D1107DEE-672E-4FB6-B81E-ABC8326FC48B}.Release|iPhoneSimulator.ActiveCfg = Release|Any CPU
		{D1107DEE-672E-4FB6-B81E-ABC8326FC48B}.Release|iPhoneSimulator.Build.0 = Release|Any CPU
		{D1107DEE-672E-4FB6-B81E-ABC8326FC48B}.Release|iPhoneSimulator.Deploy.0 = Release|Any CPU
		{D1107DEE-672E-4FB6-B81E-ABC8326FC48B}.Release|x86.ActiveCfg = Release|Any CPU
		{D1107DEE-672E-4FB6-B81E-ABC8326FC48B}.Release|x86.Build.0 = Release|Any CPU
		{D1107DEE-672E-4FB6-B81E-ABC8326FC48B}.Release|x86.Deploy.0 = Release|Any CPU
		{B05129CD-0D56-4FF1-800F-51FCD8611F9F}.Ad-Hoc|Any CPU.ActiveCfg = Ad-Hoc|iPhone
		{B05129CD-0D56-4FF1-800F-51FCD8611F9F}.Ad-Hoc|ARM.ActiveCfg = Ad-Hoc|iPhone
		{B05129CD-0D56-4FF1-800F-51FCD8611F9F}.Ad-Hoc|iPhone.ActiveCfg = Ad-Hoc|iPhone
		{B05129CD-0D56-4FF1-800F-51FCD8611F9F}.Ad-Hoc|iPhone.Build.0 = Ad-Hoc|iPhone
		{B05129CD-0D56-4FF1-800F-51FCD8611F9F}.Ad-Hoc|iPhoneSimulator.ActiveCfg = Ad-Hoc|iPhoneSimulator
		{B05129CD-0D56-4FF1-800F-51FCD8611F9F}.Ad-Hoc|iPhoneSimulator.Build.0 = Ad-Hoc|iPhoneSimulator
		{B05129CD-0D56-4FF1-800F-51FCD8611F9F}.Ad-Hoc|x86.ActiveCfg = Ad-Hoc|iPhone
		{B05129CD-0D56-4FF1-800F-51FCD8611F9F}.AppStore|Any CPU.ActiveCfg = AppStore|iPhone
		{B05129CD-0D56-4FF1-800F-51FCD8611F9F}.AppStore|ARM.ActiveCfg = AppStore|iPhone
		{B05129CD-0D56-4FF1-800F-51FCD8611F9F}.AppStore|iPhone.ActiveCfg = AppStore|iPhone
		{B05129CD-0D56-4FF1-800F-51FCD8611F9F}.AppStore|iPhone.Build.0 = AppStore|iPhone
		{B05129CD-0D56-4FF1-800F-51FCD8611F9F}.AppStore|iPhoneSimulator.ActiveCfg = AppStore|iPhoneSimulator
		{B05129CD-0D56-4FF1-800F-51FCD8611F9F}.AppStore|iPhoneSimulator.Build.0 = AppStore|iPhoneSimulator
		{B05129CD-0D56-4FF1-800F-51FCD8611F9F}.AppStore|x86.ActiveCfg = AppStore|iPhone
		{B05129CD-0D56-4FF1-800F-51FCD8611F9F}.Debug|Any CPU.ActiveCfg = Debug|iPhone
		{B05129CD-0D56-4FF1-800F-51FCD8611F9F}.Debug|ARM.ActiveCfg = Debug|iPhone
		{B05129CD-0D56-4FF1-800F-51FCD8611F9F}.Debug|iPhone.ActiveCfg = Debug|iPhone
		{B05129CD-0D56-4FF1-800F-51FCD8611F9F}.Debug|iPhone.Build.0 = Debug|iPhone
		{B05129CD-0D56-4FF1-800F-51FCD8611F9F}.Debug|iPhoneSimulator.ActiveCfg = Debug|iPhoneSimulator
		{B05129CD-0D56-4FF1-800F-51FCD8611F9F}.Debug|iPhoneSimulator.Build.0 = Debug|iPhoneSimulator
		{B05129CD-0D56-4FF1-800F-51FCD8611F9F}.Debug|x86.ActiveCfg = Debug|iPhone
		{B05129CD-0D56-4FF1-800F-51FCD8611F9F}.Release|Any CPU.ActiveCfg = Release|iPhone
		{B05129CD-0D56-4FF1-800F-51FCD8611F9F}.Release|ARM.ActiveCfg = Release|iPhone
		{B05129CD-0D56-4FF1-800F-51FCD8611F9F}.Release|iPhone.ActiveCfg = Release|iPhone
		{B05129CD-0D56-4FF1-800F-51FCD8611F9F}.Release|iPhone.Build.0 = Release|iPhone
		{B05129CD-0D56-4FF1-800F-51FCD8611F9F}.Release|iPhoneSimulator.ActiveCfg = Release|iPhoneSimulator
		{B05129CD-0D56-4FF1-800F-51FCD8611F9F}.Release|iPhoneSimulator.Build.0 = Release|iPhoneSimulator
		{B05129CD-0D56-4FF1-800F-51FCD8611F9F}.Release|x86.ActiveCfg = Release|iPhone
		{D2B524E8-338F-4D83-AC73-37FAD854ACF3}.Ad-Hoc|Any CPU.ActiveCfg = Release|Any CPU
		{D2B524E8-338F-4D83-AC73-37FAD854ACF3}.Ad-Hoc|Any CPU.Build.0 = Release|Any CPU
		{D2B524E8-338F-4D83-AC73-37FAD854ACF3}.Ad-Hoc|Any CPU.Deploy.0 = Release|Any CPU
		{D2B524E8-338F-4D83-AC73-37FAD854ACF3}.Ad-Hoc|ARM.ActiveCfg = Release|ARM
		{D2B524E8-338F-4D83-AC73-37FAD854ACF3}.Ad-Hoc|ARM.Build.0 = Release|ARM
		{D2B524E8-338F-4D83-AC73-37FAD854ACF3}.Ad-Hoc|ARM.Deploy.0 = Release|ARM
		{D2B524E8-338F-4D83-AC73-37FAD854ACF3}.Ad-Hoc|iPhone.ActiveCfg = Release|Any CPU
		{D2B524E8-338F-4D83-AC73-37FAD854ACF3}.Ad-Hoc|iPhone.Build.0 = Release|Any CPU
		{D2B524E8-338F-4D83-AC73-37FAD854ACF3}.Ad-Hoc|iPhone.Deploy.0 = Release|Any CPU
		{D2B524E8-338F-4D83-AC73-37FAD854ACF3}.Ad-Hoc|iPhoneSimulator.ActiveCfg = Release|Any CPU
		{D2B524E8-338F-4D83-AC73-37FAD854ACF3}.Ad-Hoc|iPhoneSimulator.Build.0 = Release|Any CPU
		{D2B524E8-338F-4D83-AC73-37FAD854ACF3}.Ad-Hoc|iPhoneSimulator.Deploy.0 = Release|Any CPU
		{D2B524E8-338F-4D83-AC73-37FAD854ACF3}.Ad-Hoc|x86.ActiveCfg = Release|x86
		{D2B524E8-338F-4D83-AC73-37FAD854ACF3}.Ad-Hoc|x86.Build.0 = Release|x86
		{D2B524E8-338F-4D83-AC73-37FAD854ACF3}.Ad-Hoc|x86.Deploy.0 = Release|x86
		{D2B524E8-338F-4D83-AC73-37FAD854ACF3}.AppStore|Any CPU.ActiveCfg = Release|Any CPU
		{D2B524E8-338F-4D83-AC73-37FAD854ACF3}.AppStore|Any CPU.Build.0 = Release|Any CPU
		{D2B524E8-338F-4D83-AC73-37FAD854ACF3}.AppStore|Any CPU.Deploy.0 = Release|Any CPU
		{D2B524E8-338F-4D83-AC73-37FAD854ACF3}.AppStore|ARM.ActiveCfg = Release|ARM
		{D2B524E8-338F-4D83-AC73-37FAD854ACF3}.AppStore|ARM.Build.0 = Release|ARM
		{D2B524E8-338F-4D83-AC73-37FAD854ACF3}.AppStore|ARM.Deploy.0 = Release|ARM
		{D2B524E8-338F-4D83-AC73-37FAD854ACF3}.AppStore|iPhone.ActiveCfg = Release|Any CPU
		{D2B524E8-338F-4D83-AC73-37FAD854ACF3}.AppStore|iPhone.Build.0 = Release|Any CPU
		{D2B524E8-338F-4D83-AC73-37FAD854ACF3}.AppStore|iPhone.Deploy.0 = Release|Any CPU
		{D2B524E8-338F-4D83-AC73-37FAD854ACF3}.AppStore|iPhoneSimulator.ActiveCfg = Release|Any CPU
		{D2B524E8-338F-4D83-AC73-37FAD854ACF3}.AppStore|iPhoneSimulator.Build.0 = Release|Any CPU
		{D2B524E8-338F-4D83-AC73-37FAD854ACF3}.AppStore|iPhoneSimulator.Deploy.0 = Release|Any CPU
		{D2B524E8-338F-4D83-AC73-37FAD854ACF3}.AppStore|x86.ActiveCfg = Release|x86
		{D2B524E8-338F-4D83-AC73-37FAD854ACF3}.AppStore|x86.Build.0 = Release|x86
		{D2B524E8-338F-4D83-AC73-37FAD854ACF3}.AppStore|x86.Deploy.0 = Release|x86
		{D2B524E8-338F-4D83-AC73-37FAD854ACF3}.Debug|Any CPU.ActiveCfg = Debug|Any CPU
		{D2B524E8-338F-4D83-AC73-37FAD854ACF3}.Debug|Any CPU.Build.0 = Debug|Any CPU
		{D2B524E8-338F-4D83-AC73-37FAD854ACF3}.Debug|Any CPU.Deploy.0 = Debug|Any CPU
		{D2B524E8-338F-4D83-AC73-37FAD854ACF3}.Debug|ARM.ActiveCfg = Debug|ARM
		{D2B524E8-338F-4D83-AC73-37FAD854ACF3}.Debug|ARM.Build.0 = Debug|ARM
		{D2B524E8-338F-4D83-AC73-37FAD854ACF3}.Debug|ARM.Deploy.0 = Debug|ARM
		{D2B524E8-338F-4D83-AC73-37FAD854ACF3}.Debug|iPhone.ActiveCfg = Debug|Any CPU
		{D2B524E8-338F-4D83-AC73-37FAD854ACF3}.Debug|iPhone.Build.0 = Debug|Any CPU
		{D2B524E8-338F-4D83-AC73-37FAD854ACF3}.Debug|iPhone.Deploy.0 = Debug|Any CPU
		{D2B524E8-338F-4D83-AC73-37FAD854ACF3}.Debug|iPhoneSimulator.ActiveCfg = Debug|Any CPU
		{D2B524E8-338F-4D83-AC73-37FAD854ACF3}.Debug|iPhoneSimulator.Build.0 = Debug|Any CPU
		{D2B524E8-338F-4D83-AC73-37FAD854ACF3}.Debug|iPhoneSimulator.Deploy.0 = Debug|Any CPU
		{D2B524E8-338F-4D83-AC73-37FAD854ACF3}.Debug|x86.ActiveCfg = Debug|x86
		{D2B524E8-338F-4D83-AC73-37FAD854ACF3}.Debug|x86.Build.0 = Debug|x86
		{D2B524E8-338F-4D83-AC73-37FAD854ACF3}.Debug|x86.Deploy.0 = Debug|x86
		{D2B524E8-338F-4D83-AC73-37FAD854ACF3}.Release|Any CPU.ActiveCfg = Release|Any CPU
		{D2B524E8-338F-4D83-AC73-37FAD854ACF3}.Release|Any CPU.Build.0 = Release|Any CPU
		{D2B524E8-338F-4D83-AC73-37FAD854ACF3}.Release|Any CPU.Deploy.0 = Release|Any CPU
		{D2B524E8-338F-4D83-AC73-37FAD854ACF3}.Release|ARM.ActiveCfg = Release|ARM
		{D2B524E8-338F-4D83-AC73-37FAD854ACF3}.Release|ARM.Build.0 = Release|ARM
		{D2B524E8-338F-4D83-AC73-37FAD854ACF3}.Release|ARM.Deploy.0 = Release|ARM
		{D2B524E8-338F-4D83-AC73-37FAD854ACF3}.Release|iPhone.ActiveCfg = Release|Any CPU
		{D2B524E8-338F-4D83-AC73-37FAD854ACF3}.Release|iPhone.Build.0 = Release|Any CPU
		{D2B524E8-338F-4D83-AC73-37FAD854ACF3}.Release|iPhone.Deploy.0 = Release|Any CPU
		{D2B524E8-338F-4D83-AC73-37FAD854ACF3}.Release|iPhoneSimulator.ActiveCfg = Release|Any CPU
		{D2B524E8-338F-4D83-AC73-37FAD854ACF3}.Release|iPhoneSimulator.Build.0 = Release|Any CPU
		{D2B524E8-338F-4D83-AC73-37FAD854ACF3}.Release|iPhoneSimulator.Deploy.0 = Release|Any CPU
		{D2B524E8-338F-4D83-AC73-37FAD854ACF3}.Release|x86.ActiveCfg = Release|x86
		{D2B524E8-338F-4D83-AC73-37FAD854ACF3}.Release|x86.Build.0 = Release|x86
		{D2B524E8-338F-4D83-AC73-37FAD854ACF3}.Release|x86.Deploy.0 = Release|x86
	EndGlobalSection
	GlobalSection(SolutionProperties) = preSolution
		HideSolutionNode = FALSE
	EndGlobalSection
	GlobalSection(NestedProjects) = preSolution
		{2319A3DF-7025-4A47-A501-12CC0A4CB3C1} = {8A3D202E-8B7F-403D-A7D0-D2C6A73A4ACB}
		{94A82226-A745-412E-8642-966C34425695} = {001D206C-86CB-4F44-BD09-B9EEE1207BC8}
		{F78A366C-1452-4973-B879-80B33BAAA61D} = {001D206C-86CB-4F44-BD09-B9EEE1207BC8}
		{AC7030CB-8F8D-4228-A1DD-7A7399FC89FB} = {8A3D202E-8B7F-403D-A7D0-D2C6A73A4ACB}
		{C2C4991B-5A0C-4DA4-9A80-2D2C89A95DCE} = {8A3D202E-8B7F-403D-A7D0-D2C6A73A4ACB}
		{5BD5C5FB-23F4-464B-859C-A01223805C83} = {8A3D202E-8B7F-403D-A7D0-D2C6A73A4ACB}
		{3BD379FC-AFB2-4ABB-A84A-92B4B3D00EAB} = {8A3D202E-8B7F-403D-A7D0-D2C6A73A4ACB}
		{B96FF9B9-03CB-48A9-8E02-450FB649D9ED} = {B6E02BEC-863D-43CC-AE96-E80D393746A8}
		{85167A48-E708-4EEB-A65C-8225CD8B1F22} = {8A3D202E-8B7F-403D-A7D0-D2C6A73A4ACB}
		{9ADECDE0-0A6D-41C3-B0C8-DF786035A62B} = {71D9D8A9-51F7-4B05-B9DF-C24EAF853A50}
		{D1107DEE-672E-4FB6-B81E-ABC8326FC48B} = {71D9D8A9-51F7-4B05-B9DF-C24EAF853A50}
		{B05129CD-0D56-4FF1-800F-51FCD8611F9F} = {71D9D8A9-51F7-4B05-B9DF-C24EAF853A50}
		{D2B524E8-338F-4D83-AC73-37FAD854ACF3} = {71D9D8A9-51F7-4B05-B9DF-C24EAF853A50}
	EndGlobalSection
EndGlobal
